
Microsoft Visual Studio Solution File, Format Version 12.00
# Visual Studio Version 17
VisualStudioVersion = 17.13.35825.156
MinimumVisualStudioVersion = 10.0.40219.1
Project("{2150E333-8FDC-42A3-9474-1A3956D46DE8}") = "Chapter01", "Chapter01", "{DDB4EF12-CC4E-5E88-E6FC-71A802F4DE97}"
EndProject
Project("{FAE04EC0-301F-11D3-BF4B-00C04F79EFBC}") = "ProductSample", "Chapter01\ProductSample\ProductSample.csproj", "{43B78CAB-7771-4A0A-8496-A3D7866DC352}"
EndProject
Project("{2150E333-8FDC-42A3-9474-1A3956D46DE8}") = "Chapter02", "Chapter02", "{D1574452-AAB1-4377-B2EB-70986C005BB2}"
EndProject
Project("{FAE04EC0-301F-11D3-BF4B-00C04F79EFBC}") = "DistanceConverter", "Chapter02\DistanceConverter\DistanceConverter.csproj", "{1206D7B8-6D45-444C-BF00-C3507A6E80D8}"
EndProject
Project("{2150E333-8FDC-42A3-9474-1A3956D46DE8}") = "演習問題", "演習問題", "{DC2D5B69-EE49-4C07-ABB4-AB45C7683EA9}"
EndProject
Project("{FAE04EC0-301F-11D3-BF4B-00C04F79EFBC}") = "Exercise02", "Chapter02\演習問題\Exercise02\Exercise02.csproj", "{500C2D80-4999-4326-8710-41334135AA1E}"
EndProject
Project("{2150E333-8FDC-42A3-9474-1A3956D46DE8}") = "FormApps", "FormApps", "{C8477E84-C1B9-44BA-9CEA-14D65E9CC9F3}"
EndProject
Project("{FAE04EC0-301F-11D3-BF4B-00C04F79EFBC}") = "UnitConverter", "FormApps\UnitConverter\UnitConverter.csproj", "{5ACE705D-F307-49AB-A0D6-E50229E8C469}"
EndProject
Project("{FAE04EC0-301F-11D3-BF4B-00C04F79EFBC}") = "StopWatch", "FormApps\StopWatch\StopWatch.csproj", "{F7B68E53-10B2-46E6-8D09-46BA1DCFE757}"
EndProject
Project("{2150E333-8FDC-42A3-9474-1A3956D46DE8}") = "売上集計プログラム", "売上集計プログラム", "{BBBDBB7B-33BC-4715-899D-067E43B3F8B1}"
EndProject
Project("{FAE04EC0-301F-11D3-BF4B-00C04F79EFBC}") = "SalesCalculator", "Chapter02\売上集計プログラム\SalesCalculator\SalesCalculator.csproj", "{5F3A82D8-492F-4103-B394-764036076163}"
EndProject
Project("{FAE04EC0-301F-11D3-BF4B-00C04F79EFBC}") = "Exercise01", "Chapter02\演習問題\Exercise01\Exercise01.csproj", "{BFA58C48-9741-41CF-88B7-5D0CAAC3DFE9}"
EndProject
Project("{2150E333-8FDC-42A3-9474-1A3956D46DE8}") = "Chapter03", "Chapter03", "{9E3DE3A2-E93E-4AAC-9A43-CA53509ECA9A}"
EndProject
Project("{FAE04EC0-301F-11D3-BF4B-00C04F79EFBC}") = "Section01", "Chapter03\Section01\Section01.csproj", "{E77C7583-480A-43AE-80E8-C814F9C35793}"
EndProject
Project("{FAE04EC0-301F-11D3-BF4B-00C04F79EFBC}") = "Section04", "Chapter03\Section04\Section04.csproj", "{1B591115-C498-45B3-87B4-5D93092D48FD}"
EndProject
Project("{2150E333-8FDC-42A3-9474-1A3956D46DE8}") = "演習問題", "演習問題", "{22845E0E-9D04-49D8-BA4A-72F85F21E23E}"
EndProject
Project("{FAE04EC0-301F-11D3-BF4B-00C04F79EFBC}") = "Exercise01", "Chapter03\演習問題\Exercise01\Exercise01.csproj", "{04998E30-41F6-4978-8752-05CD62ACAA9C}"
EndProject
Project("{2150E333-8FDC-42A3-9474-1A3956D46DE8}") = "Chapter04", "Chapter04", "{09982D69-2F1E-42B4-837E-AEF57C448368}"
EndProject
Project("{FAE04EC0-301F-11D3-BF4B-00C04F79EFBC}") = "Exercise04", "Chapter04\Exercise04\Exercise04.csproj", "{0CCE06C8-8944-41D5-9C8E-5B1F7F252868}"
EndProject
Project("{2150E333-8FDC-42A3-9474-1A3956D46DE8}") = "演習問題", "演習問題", "{19F0C997-2F21-4C68-8FA7-E832F172E146}"
EndProject
Project("{FAE04EC0-301F-11D3-BF4B-00C04F79EFBC}") = "Exercise01", "Chapter04\演習問題\Exercise01\Exercise01.csproj", "{3C4CFC8C-51F9-4F4C-8214-A4519D5820E5}"
EndProject
Project("{FAE04EC0-301F-11D3-BF4B-00C04F79EFBC}") = "Exercise02", "Chapter04\演習問題\Exercise02\Exercise02.csproj", "{91419E22-3721-4A55-8898-58EF5FF73F93}"
EndProject
Project("{2150E333-8FDC-42A3-9474-1A3956D46DE8}") = "LINQ", "LINQ", "{57FBAD72-3648-42E6-BB18-28E901B802CA}"
EndProject
Project("{FAE04EC0-301F-11D3-BF4B-00C04F79EFBC}") = "LinqSample", "LINQ\LinqSample\LinqSample.csproj", "{8EF08C5A-CA0E-4C1F-8766-84E069A2EF3A}"
EndProject
Project("{2150E333-8FDC-42A3-9474-1A3956D46DE8}") = "Chapter07", "Chapter07", "{1E0DA907-DE0D-4B1C-8ECF-24DBF8BDB87E}"
EndProject
Project("{2150E333-8FDC-42A3-9474-1A3956D46DE8}") = "演習問題", "演習問題", "{6F0B359A-3C4A-4256-BF97-2F02BF54EDAE}"
EndProject
Project("{FAE04EC0-301F-11D3-BF4B-00C04F79EFBC}") = "Exercise01", "Chapter07\演習問題\Exercise01\Exercise01.csproj", "{EC429FE5-44F2-4690-A772-F665176DB7FB}"
EndProject
Project("{FAE04EC0-301F-11D3-BF4B-00C04F79EFBC}") = "Section01", "Chapter07\Section01\Section01.csproj", "{2CF3A4E3-3170-4A13-B341-AB0F27550E45}"
EndProject
Project("{FAE04EC0-301F-11D3-BF4B-00C04F79EFBC}") = "Section05", "Chapter07\Section05\Section05.csproj", "{BA2769E1-27C2-4284-BE48-670EDDD1E2E9}"
EndProject
Project("{FAE04EC0-301F-11D3-BF4B-00C04F79EFBC}") = "Exercise02", "Chapter07\演習問題\Exercise02\Exercise02.csproj", "{1D034994-2597-4EB3-BF3C-41676CAD9358}"
EndProject
Project("{2150E333-8FDC-42A3-9474-1A3956D46DE8}") = "Chapter06", "Chapter06", "{DC6D9EA9-B5D0-45B9-BE23-293F3F2DD64B}"
EndProject
Project("{FAE04EC0-301F-11D3-BF4B-00C04F79EFBC}") = "Section01", "Chapter06\Section01\Section01.csproj", "{953BC450-E8E4-4CDE-A8F4-1A96CECC0514}"
EndProject
Project("{2150E333-8FDC-42A3-9474-1A3956D46DE8}") = "演習問題", "演習問題", "{938170B6-E5D4-4A71-9516-7B0F9342CBCD}"
EndProject
Project("{FAE04EC0-301F-11D3-BF4B-00C04F79EFBC}") = "Exercise01", "Chapter06\演習問題\Exercise01\Exercise01.csproj", "{615DA523-A783-418C-B2C3-47158DCB6BA8}"
EndProject
Project("{FAE04EC0-301F-11D3-BF4B-00C04F79EFBC}") = "Exercise03", "Chapter06\演習問題\Exercise03\Exercise03.csproj", "{33BFA2D9-C7E8-4DCB-B5EB-45C3E871CE1E}"
EndProject
Project("{FAE04EC0-301F-11D3-BF4B-00C04F79EFBC}") = "Exercise02", "Chapter06\演習問題\Exercise02\Exercise02.csproj", "{9605B4B8-0A34-BDE4-CFD2-F49073E3B9EF}"
EndProject
Project("{FAE04EC0-301F-11D3-BF4B-00C04F79EFBC}") = "Exercise04", "Chapter06\演習問題\Exercise04\Exercise04.csproj", "{8758FBDB-9295-0DA5-31B6-DA01667F06FB}"
EndProject
Project("{FAE04EC0-301F-11D3-BF4B-00C04F79EFBC}") = "Section03", "Chapter06\Section03\Section03.csproj", "{5852058B-D7C5-46D7-A2C5-690708E5A6A1}"
EndProject
Project("{2150E333-8FDC-42A3-9474-1A3956D46DE8}") = "Chapter05", "Chapter05", "{5D45503A-7179-4754-9903-EE9B1352E2CA}"
EndProject
Project("{2150E333-8FDC-42A3-9474-1A3956D46DE8}") = "演習問題", "演習問題", "{8E9BFCD7-59DF-422E-8E0B-C660AE90B36B}"
EndProject
Project("{FAE04EC0-301F-11D3-BF4B-00C04F79EFBC}") = "Section01", "Chapter05\Section01\Section01.csproj", "{EF092D76-BDB5-4B5D-BC13-CF657C0C5BED}"
EndProject
Project("{FAE04EC0-301F-11D3-BF4B-00C04F79EFBC}") = "Section02", "Chapter05\Section02\Section02.csproj", "{016BD347-8CB2-4706-8AAF-5034BB1CB2D6}"
EndProject
Project("{FAE04EC0-301F-11D3-BF4B-00C04F79EFBC}") = "Exercise01", "Chapter05\演習問題\Exercise01\Exercise01.csproj", "{8126C869-946A-436B-801E-B4FC56B3ED02}"
EndProject
Project("{FAE04EC0-301F-11D3-BF4B-00C04F79EFBC}") = "Exercise02", "Chapter05\演習問題\Exercise02\Exercise02.csproj", "{C3D26537-B2F7-4756-A2F6-3FB540B4424B}"
EndProject
Project("{2150E333-8FDC-42A3-9474-1A3956D46DE8}") = "Chapter08", "Chapter08", "{CCF10D9B-6586-4B65-A414-932208B7947C}"
EndProject
Project("{2150E333-8FDC-42A3-9474-1A3956D46DE8}") = "演習問題", "演習問題", "{6630F72B-6DAA-437B-8E1A-85A9F78F9D07}"
EndProject
Project("{FAE04EC0-301F-11D3-BF4B-00C04F79EFBC}") = "Exercise01", "Chapter08\演習問題\Exercise01\Exercise01.csproj", "{BBAB73F6-CCEF-481E-9521-B75866746E79}"
EndProject
Project("{FAE04EC0-301F-11D3-BF4B-00C04F79EFBC}") = "PrefCapitalLocationSystem", "Chapter08\PrefCapitalLocationSystem\PrefCapitalLocationSystem.csproj", "{BA3B5C5E-D6A4-39ED-6760-036CDB62E249}"
EndProject
Project("{FAE04EC0-301F-11D3-BF4B-00C04F79EFBC}") = "Section03", "Chapter08\Section03\Section03.csproj", "{7C06D570-5236-67C0-200D-EFEA42F6ED6E}"
EndProject
Project("{FAE04EC0-301F-11D3-BF4B-00C04F79EFBC}") = "Exercise02", "Chapter08\Exercise02\Exercise02.csproj", "{71105A2D-8758-4CAB-BBA3-CB98D52E17F8}"
EndProject
Project("{FAE04EC0-301F-11D3-BF4B-00C04F79EFBC}") = "Exercise01", "Chapter08\Exercise01\Exercise01.csproj", "{7494F462-F713-4565-A948-4D4DFC21F9A3}"
EndProject
Project("{2150E333-8FDC-42A3-9474-1A3956D46DE8}") = "Test01", "Test01", "{EB2E3233-5232-42DB-B448-F5C0F1C63E3E}"
EndProject
Project("{FAE04EC0-301F-11D3-BF4B-00C04F79EFBC}") = "Test01", "Test01\Test01\Test01.csproj", "{6EF7678A-A725-F430-3097-30F090C0100A}"
EndProject
Project("{FAE04EC0-301F-11D3-BF4B-00C04F79EFBC}") = "Test02", "Test01\Test02\Test02.csproj", "{010D0C11-D6A2-3CA6-3281-4E0FD547EC2D}"
EndProject
Project("{2150E333-8FDC-42A3-9474-1A3956D46DE8}") = "Sakuty", "Sakuty", "{49B8DB18-793B-4215-8276-774E233FC088}"
EndProject
Project("{2150E333-8FDC-42A3-9474-1A3956D46DE8}") = "Chapter09", "Chapter09", "{57F3B7EF-72BB-4EA9-BA52-9F7DE650A721}"
EndProject
Project("{FAE04EC0-301F-11D3-BF4B-00C04F79EFBC}") = "Section01", "Chapter09\Section01\Section01.csproj", "{6768F0D6-31BF-475C-A831-3CBDFA9DC62D}"
EndProject
Project("{2150E333-8FDC-42A3-9474-1A3956D46DE8}") = "演習問題", "演習問題", "{E7129ACC-3467-4B57-8286-F45012077018}"
EndProject
Project("{FAE04EC0-301F-11D3-BF4B-00C04F79EFBC}") = "Exercise01", "Chapter09\演習問題\Exercise01\Exercise01.csproj", "{7C40C9BD-4D76-4FAD-A7C1-C8CE6558E79F}"
EndProject
Project("{FAE04EC0-301F-11D3-BF4B-00C04F79EFBC}") = "Exercise02", "Chapter09\演習問題\Exercise02\Exercise02.csproj", "{95827572-96EB-4C4A-9F78-1CC3BEABA97F}"
EndProject
Project("{FAE04EC0-301F-11D3-BF4B-00C04F79EFBC}") = "Exercise03", "Chapter09\演習問題\Exercise03\Exercise03.csproj", "{F74341DD-0779-4AD8-BC1F-725F941D5FDC}"
EndProject
Project("{FAE04EC0-301F-11D3-BF4B-00C04F79EFBC}") = "CarReportSystem", "FormApps\CarReportSystem\CarReportSystem.csproj", "{44F2AD5A-61D5-43FE-888D-AF1F0999427A}"
EndProject
Project("{2150E333-8FDC-42A3-9474-1A3956D46DE8}") = "Chapter12", "Chapter12", "{FD909BF5-8CA2-41F5-AB48-0ED4E3C9452E}"
EndProject
Project("{2150E333-8FDC-42A3-9474-1A3956D46DE8}") = "演習問題", "演習問題", "{E55000B3-F07C-4A44-BA62-FA15017A3987}"
EndProject
Project("{FAE04EC0-301F-11D3-BF4B-00C04F79EFBC}") = "Section01", "Chapter12\Section01\Section01.csproj", "{6C71692A-D759-4CEB-BFB5-19E87D450A7C}"
EndProject
Project("{FAE04EC0-301F-11D3-BF4B-00C04F79EFBC}") = "Exercise01", "Chapter12\演習問題\Exercise01\Exercise01.csproj", "{23FE3793-2ADE-4B44-8984-F4E9C56B74D6}"
EndProject
Project("{FAE04EC0-301F-11D3-BF4B-00C04F79EFBC}") = "Exercise02", "Chapter12\演習問題\Exercise02\Exercise02.csproj", "{F01C3B69-9D05-4BEF-26EB-57BAD926097B}"
EndProject
Project("{FAE04EC0-301F-11D3-BF4B-00C04F79EFBC}") = "Exercise03", "Chapter12\演習問題\Exercise03\Exercise03.csproj", "{414DFFD5-4A0F-DD91-933A-D9585859A325}"
EndProject
Project("{FAE04EC0-301F-11D3-BF4B-00C04F79EFBC}") = "RssReader", "FormApps\RssReader\RssReader.csproj", "{8D534F37-844C-4673-BC94-A94E027BEA93}"
EndProject
Project("{2150E333-8FDC-42A3-9474-1A3956D46DE8}") = "Chapter11", "Chapter11", "{8575ACC1-8366-4B31-89D0-9C6B33C3F812}"
EndProject
Project("{FAE04EC0-301F-11D3-BF4B-00C04F79EFBC}") = "Section02", "Chapter11\Section02\Section02.csproj", "{E6832AAD-E04A-4461-ABBD-9AA7ED8DB545}"
EndProject
Project("{2150E333-8FDC-42A3-9474-1A3956D46DE8}") = "演習問題", "演習問題", "{4A3E97FE-7444-48F3-A8C2-B0868FF4E9B9}"
EndProject
Project("{FAE04EC0-301F-11D3-BF4B-00C04F79EFBC}") = "Exercise01", "Chapter11\演習問題\Exercise01\Exercise01.csproj", "{5E2AC042-7C07-481E-96F4-9B3F1375CB48}"
EndProject
Project("{FAE04EC0-301F-11D3-BF4B-00C04F79EFBC}") = "Exercise02", "Chapter11\演習問題\Exercise02\Exercise02.csproj", "{7168B143-1370-48BC-BE57-4061CB074B87}"
EndProject
Project("{FAE04EC0-301F-11D3-BF4B-00C04F79EFBC}") = "Section03", "Chapter11\Section03\Section03.csproj", "{5C49F023-9897-4B38-9061-403DE2DA0B11}"
EndProject
Project("{FAE04EC0-301F-11D3-BF4B-00C04F79EFBC}") = "Exercise03", "Chapter11\演習問題\Exercise03\Exercise03.csproj", "{3B910E05-B490-4C8B-B2BF-0682572A3A0B}"
EndProject
Project("{FAE04EC0-301F-11D3-BF4B-00C04F79EFBC}") = "Section04", "Chapter11\Section04\Section04.csproj", "{27038E36-C246-4D33-BCF2-2B93A31B6E6A}"
EndProject
Project("{FAE04EC0-301F-11D3-BF4B-00C04F79EFBC}") = "Exercise05", "Chapter11\演習問題\Exercise05\Exercise05.csproj", "{EB82F83C-A914-4874-878E-B049B28FF964}"
EndProject
Project("{2150E333-8FDC-42A3-9474-1A3956D46DE8}") = "WPF", "WPF", "{C22B8BBF-10EC-47C1-87E9-4EC5EAECBB76}"
EndProject
Project("{FAE04EC0-301F-11D3-BF4B-00C04F79EFBC}") = "SampleApplication", "WPF\SampleApplication\SampleApplication.csproj", "{9B249788-F04C-4E1B-93E1-BFD11911F492}"
EndProject
Project("{FAE04EC0-301F-11D3-BF4B-00C04F79EFBC}") = "SampleSlider", "WPF\SampleSlider\SampleSlider.csproj", "{EE4F3CBF-B616-47B9-9D22-541E6F22166B}"
EndProject
Project("{FAE04EC0-301F-11D3-BF4B-00C04F79EFBC}") = "ColorChecker", "WPF\ColorChecker\ColorChecker.csproj", "{86A98A28-01A7-4666-9423-93905AB23F82}"
EndProject
Project("{FAE04EC0-301F-11D3-BF4B-00C04F79EFBC}") = "Chess", "WPF\Chess\Chess.csproj", "{0A53510D-BFB6-4EF4-8388-8056EE7DD069}"
EndProject
Project("{FAE04EC0-301F-11D3-BF4B-00C04F79EFBC}") = "HelloWorld", "WPF\HelloWorld\HelloWorld.csproj", "{3C94D736-8E0B-4E27-A307-059ABDE16D32}"
EndProject
Project("{FAE04EC0-301F-11D3-BF4B-00C04F79EFBC}") = "PrismObservesSample", "WPF\PrismObservesSample\PrismObservesSample.csproj", "{8734F651-33AC-4DD2-8BC3-C9F18E50F663}"
EndProject
Project("{FAE04EC0-301F-11D3-BF4B-00C04F79EFBC}") = "SampleUnitConverter", "WPF\SampleUnitConverter\SampleUnitConverter.csproj", "{D66E133E-F890-4332-A897-03237A5F4718}"
EndProject
Project("{2150E333-8FDC-42A3-9474-1A3956D46DE8}") = "SQLite", "SQLite", "{DF6B4AB6-78B9-48A6-BFFC-4A5720795330}"
EndProject
Project("{FAE04EC0-301F-11D3-BF4B-00C04F79EFBC}") = "Sample", "SQLite\Sample\Sample.csproj", "{5E4B175E-BD50-459D-B4B4-2D816D47BCCD}"
EndProject
Project("{FAE04EC0-301F-11D3-BF4B-00C04F79EFBC}") = "CustomerApp", "SQLite\CustomerApp\CustomerApp.csproj", "{A3801FFC-0072-4042-8F95-CDBA69A27003}"
EndProject
Project("{2150E333-8FDC-42A3-9474-1A3956D46DE8}") = "Chapter13", "Chapter13", "{0500B0B1-33FF-4795-8808-4DDA6F31EA78}"
EndProject
Project("{FAE04EC0-301F-11D3-BF4B-00C04F79EFBC}") = "Section01", "Chapter13\Section01\Section01.csproj", "{09E70369-44CB-49C0-9752-4E1FB1E4C550}"
EndProject
Project("{2150E333-8FDC-42A3-9474-1A3956D46DE8}") = "演習問題", "演習問題", "{0096484D-EFBC-4CD4-B025-A3A9637CD0BF}"
EndProject
Project("{FAE04EC0-301F-11D3-BF4B-00C04F79EFBC}") = "Exercise01", "Chapter13\演習問題\Exercise01\Exercise01.csproj", "{5F079D30-1F20-440B-B837-8324DDEE3239}"
EndProject
Project("{2150E333-8FDC-42A3-9474-1A3956D46DE8}") = "Chapter14", "Chapter14", "{321E1F53-4F30-4FD5-A61A-7CCE85973B4B}"
EndProject
Project("{FAE04EC0-301F-11D3-BF4B-00C04F79EFBC}") = "Section03", "Chapter14\Section03\Section03.csproj", "{C2678364-E7E1-4FD4-83F6-3DB7906CFC41}"
EndProject
Project("{2150E333-8FDC-42A3-9474-1A3956D46DE8}") = "演習問題", "演習問題", "{EB53A4CE-1F95-4EC2-98A0-7229FC5D5A4D}"
EndProject
Project("{FAE04EC0-301F-11D3-BF4B-00C04F79EFBC}") = "Exercise01_WPF", "Chapter14\演習問題\Console01_WPF\Exercise01_WPF.csproj", "{A119B0AA-C02A-4E41-8C8C-D670D9811EFE}"
EndProject
Project("{FAE04EC0-301F-11D3-BF4B-00C04F79EFBC}") = "Section04", "Chapter14\Section04\Section04.csproj", "{18C30BD7-2CA1-49C9-BE63-F3BA647FD8B2}"
EndProject
Project("{FAE04EC0-301F-11D3-BF4B-00C04F79EFBC}") = "WebBrowser", "Chapter14\WebBrowser\WebBrowser.csproj", "{EC73C183-D9B6-4EFD-9A22-662EC60FC8C5}"
EndProject
Global
	GlobalSection(SolutionConfigurationPlatforms) = preSolution
		Debug|Any CPU = Debug|Any CPU
		Release|Any CPU = Release|Any CPU
	EndGlobalSection
	GlobalSection(ProjectConfigurationPlatforms) = postSolution
		{43B78CAB-7771-4A0A-8496-A3D7866DC352}.Debug|Any CPU.ActiveCfg = Debug|Any CPU
		{43B78CAB-7771-4A0A-8496-A3D7866DC352}.Debug|Any CPU.Build.0 = Debug|Any CPU
		{43B78CAB-7771-4A0A-8496-A3D7866DC352}.Release|Any CPU.ActiveCfg = Release|Any CPU
		{43B78CAB-7771-4A0A-8496-A3D7866DC352}.Release|Any CPU.Build.0 = Release|Any CPU
		{1206D7B8-6D45-444C-BF00-C3507A6E80D8}.Debug|Any CPU.ActiveCfg = Debug|Any CPU
		{1206D7B8-6D45-444C-BF00-C3507A6E80D8}.Debug|Any CPU.Build.0 = Debug|Any CPU
		{1206D7B8-6D45-444C-BF00-C3507A6E80D8}.Release|Any CPU.ActiveCfg = Release|Any CPU
		{1206D7B8-6D45-444C-BF00-C3507A6E80D8}.Release|Any CPU.Build.0 = Release|Any CPU
		{500C2D80-4999-4326-8710-41334135AA1E}.Debug|Any CPU.ActiveCfg = Debug|Any CPU
		{500C2D80-4999-4326-8710-41334135AA1E}.Debug|Any CPU.Build.0 = Debug|Any CPU
		{500C2D80-4999-4326-8710-41334135AA1E}.Release|Any CPU.ActiveCfg = Release|Any CPU
		{500C2D80-4999-4326-8710-41334135AA1E}.Release|Any CPU.Build.0 = Release|Any CPU
		{5ACE705D-F307-49AB-A0D6-E50229E8C469}.Debug|Any CPU.ActiveCfg = Debug|Any CPU
		{5ACE705D-F307-49AB-A0D6-E50229E8C469}.Debug|Any CPU.Build.0 = Debug|Any CPU
		{5ACE705D-F307-49AB-A0D6-E50229E8C469}.Release|Any CPU.ActiveCfg = Release|Any CPU
		{5ACE705D-F307-49AB-A0D6-E50229E8C469}.Release|Any CPU.Build.0 = Release|Any CPU
		{F7B68E53-10B2-46E6-8D09-46BA1DCFE757}.Debug|Any CPU.ActiveCfg = Debug|Any CPU
		{F7B68E53-10B2-46E6-8D09-46BA1DCFE757}.Debug|Any CPU.Build.0 = Debug|Any CPU
		{F7B68E53-10B2-46E6-8D09-46BA1DCFE757}.Release|Any CPU.ActiveCfg = Release|Any CPU
		{F7B68E53-10B2-46E6-8D09-46BA1DCFE757}.Release|Any CPU.Build.0 = Release|Any CPU
		{5F3A82D8-492F-4103-B394-764036076163}.Debug|Any CPU.ActiveCfg = Debug|Any CPU
		{5F3A82D8-492F-4103-B394-764036076163}.Debug|Any CPU.Build.0 = Debug|Any CPU
		{5F3A82D8-492F-4103-B394-764036076163}.Release|Any CPU.ActiveCfg = Release|Any CPU
		{5F3A82D8-492F-4103-B394-764036076163}.Release|Any CPU.Build.0 = Release|Any CPU
		{BFA58C48-9741-41CF-88B7-5D0CAAC3DFE9}.Debug|Any CPU.ActiveCfg = Debug|Any CPU
		{BFA58C48-9741-41CF-88B7-5D0CAAC3DFE9}.Debug|Any CPU.Build.0 = Debug|Any CPU
		{BFA58C48-9741-41CF-88B7-5D0CAAC3DFE9}.Release|Any CPU.ActiveCfg = Release|Any CPU
		{BFA58C48-9741-41CF-88B7-5D0CAAC3DFE9}.Release|Any CPU.Build.0 = Release|Any CPU
		{E77C7583-480A-43AE-80E8-C814F9C35793}.Debug|Any CPU.ActiveCfg = Debug|Any CPU
		{E77C7583-480A-43AE-80E8-C814F9C35793}.Debug|Any CPU.Build.0 = Debug|Any CPU
		{E77C7583-480A-43AE-80E8-C814F9C35793}.Release|Any CPU.ActiveCfg = Release|Any CPU
		{E77C7583-480A-43AE-80E8-C814F9C35793}.Release|Any CPU.Build.0 = Release|Any CPU
		{1B591115-C498-45B3-87B4-5D93092D48FD}.Debug|Any CPU.ActiveCfg = Debug|Any CPU
		{1B591115-C498-45B3-87B4-5D93092D48FD}.Debug|Any CPU.Build.0 = Debug|Any CPU
		{1B591115-C498-45B3-87B4-5D93092D48FD}.Release|Any CPU.ActiveCfg = Release|Any CPU
		{1B591115-C498-45B3-87B4-5D93092D48FD}.Release|Any CPU.Build.0 = Release|Any CPU
		{04998E30-41F6-4978-8752-05CD62ACAA9C}.Debug|Any CPU.ActiveCfg = Debug|Any CPU
		{04998E30-41F6-4978-8752-05CD62ACAA9C}.Debug|Any CPU.Build.0 = Debug|Any CPU
		{04998E30-41F6-4978-8752-05CD62ACAA9C}.Release|Any CPU.ActiveCfg = Release|Any CPU
		{04998E30-41F6-4978-8752-05CD62ACAA9C}.Release|Any CPU.Build.0 = Release|Any CPU
		{0CCE06C8-8944-41D5-9C8E-5B1F7F252868}.Debug|Any CPU.ActiveCfg = Debug|Any CPU
		{0CCE06C8-8944-41D5-9C8E-5B1F7F252868}.Debug|Any CPU.Build.0 = Debug|Any CPU
		{0CCE06C8-8944-41D5-9C8E-5B1F7F252868}.Release|Any CPU.ActiveCfg = Release|Any CPU
		{0CCE06C8-8944-41D5-9C8E-5B1F7F252868}.Release|Any CPU.Build.0 = Release|Any CPU
		{3C4CFC8C-51F9-4F4C-8214-A4519D5820E5}.Debug|Any CPU.ActiveCfg = Debug|Any CPU
		{3C4CFC8C-51F9-4F4C-8214-A4519D5820E5}.Debug|Any CPU.Build.0 = Debug|Any CPU
		{3C4CFC8C-51F9-4F4C-8214-A4519D5820E5}.Release|Any CPU.ActiveCfg = Release|Any CPU
		{3C4CFC8C-51F9-4F4C-8214-A4519D5820E5}.Release|Any CPU.Build.0 = Release|Any CPU
		{91419E22-3721-4A55-8898-58EF5FF73F93}.Debug|Any CPU.ActiveCfg = Debug|Any CPU
		{91419E22-3721-4A55-8898-58EF5FF73F93}.Debug|Any CPU.Build.0 = Debug|Any CPU
		{91419E22-3721-4A55-8898-58EF5FF73F93}.Release|Any CPU.ActiveCfg = Release|Any CPU
		{91419E22-3721-4A55-8898-58EF5FF73F93}.Release|Any CPU.Build.0 = Release|Any CPU
		{8EF08C5A-CA0E-4C1F-8766-84E069A2EF3A}.Debug|Any CPU.ActiveCfg = Debug|Any CPU
		{8EF08C5A-CA0E-4C1F-8766-84E069A2EF3A}.Debug|Any CPU.Build.0 = Debug|Any CPU
		{8EF08C5A-CA0E-4C1F-8766-84E069A2EF3A}.Release|Any CPU.ActiveCfg = Release|Any CPU
		{8EF08C5A-CA0E-4C1F-8766-84E069A2EF3A}.Release|Any CPU.Build.0 = Release|Any CPU
		{EC429FE5-44F2-4690-A772-F665176DB7FB}.Debug|Any CPU.ActiveCfg = Debug|Any CPU
		{EC429FE5-44F2-4690-A772-F665176DB7FB}.Debug|Any CPU.Build.0 = Debug|Any CPU
		{EC429FE5-44F2-4690-A772-F665176DB7FB}.Release|Any CPU.ActiveCfg = Release|Any CPU
		{EC429FE5-44F2-4690-A772-F665176DB7FB}.Release|Any CPU.Build.0 = Release|Any CPU
		{2CF3A4E3-3170-4A13-B341-AB0F27550E45}.Debug|Any CPU.ActiveCfg = Debug|Any CPU
		{2CF3A4E3-3170-4A13-B341-AB0F27550E45}.Debug|Any CPU.Build.0 = Debug|Any CPU
		{2CF3A4E3-3170-4A13-B341-AB0F27550E45}.Release|Any CPU.ActiveCfg = Release|Any CPU
		{2CF3A4E3-3170-4A13-B341-AB0F27550E45}.Release|Any CPU.Build.0 = Release|Any CPU
		{BA2769E1-27C2-4284-BE48-670EDDD1E2E9}.Debug|Any CPU.ActiveCfg = Debug|Any CPU
		{BA2769E1-27C2-4284-BE48-670EDDD1E2E9}.Debug|Any CPU.Build.0 = Debug|Any CPU
		{BA2769E1-27C2-4284-BE48-670EDDD1E2E9}.Release|Any CPU.ActiveCfg = Release|Any CPU
		{BA2769E1-27C2-4284-BE48-670EDDD1E2E9}.Release|Any CPU.Build.0 = Release|Any CPU
		{1D034994-2597-4EB3-BF3C-41676CAD9358}.Debug|Any CPU.ActiveCfg = Debug|Any CPU
		{1D034994-2597-4EB3-BF3C-41676CAD9358}.Debug|Any CPU.Build.0 = Debug|Any CPU
		{1D034994-2597-4EB3-BF3C-41676CAD9358}.Release|Any CPU.ActiveCfg = Release|Any CPU
		{1D034994-2597-4EB3-BF3C-41676CAD9358}.Release|Any CPU.Build.0 = Release|Any CPU
		{953BC450-E8E4-4CDE-A8F4-1A96CECC0514}.Debug|Any CPU.ActiveCfg = Debug|Any CPU
		{953BC450-E8E4-4CDE-A8F4-1A96CECC0514}.Debug|Any CPU.Build.0 = Debug|Any CPU
		{953BC450-E8E4-4CDE-A8F4-1A96CECC0514}.Release|Any CPU.ActiveCfg = Release|Any CPU
		{953BC450-E8E4-4CDE-A8F4-1A96CECC0514}.Release|Any CPU.Build.0 = Release|Any CPU
		{615DA523-A783-418C-B2C3-47158DCB6BA8}.Debug|Any CPU.ActiveCfg = Debug|Any CPU
		{615DA523-A783-418C-B2C3-47158DCB6BA8}.Debug|Any CPU.Build.0 = Debug|Any CPU
		{615DA523-A783-418C-B2C3-47158DCB6BA8}.Release|Any CPU.ActiveCfg = Release|Any CPU
		{615DA523-A783-418C-B2C3-47158DCB6BA8}.Release|Any CPU.Build.0 = Release|Any CPU
		{33BFA2D9-C7E8-4DCB-B5EB-45C3E871CE1E}.Debug|Any CPU.ActiveCfg = Debug|Any CPU
		{33BFA2D9-C7E8-4DCB-B5EB-45C3E871CE1E}.Debug|Any CPU.Build.0 = Debug|Any CPU
		{33BFA2D9-C7E8-4DCB-B5EB-45C3E871CE1E}.Release|Any CPU.ActiveCfg = Release|Any CPU
		{33BFA2D9-C7E8-4DCB-B5EB-45C3E871CE1E}.Release|Any CPU.Build.0 = Release|Any CPU
		{9605B4B8-0A34-BDE4-CFD2-F49073E3B9EF}.Debug|Any CPU.ActiveCfg = Debug|Any CPU
		{9605B4B8-0A34-BDE4-CFD2-F49073E3B9EF}.Debug|Any CPU.Build.0 = Debug|Any CPU
		{9605B4B8-0A34-BDE4-CFD2-F49073E3B9EF}.Release|Any CPU.ActiveCfg = Release|Any CPU
		{9605B4B8-0A34-BDE4-CFD2-F49073E3B9EF}.Release|Any CPU.Build.0 = Release|Any CPU
		{8758FBDB-9295-0DA5-31B6-DA01667F06FB}.Debug|Any CPU.ActiveCfg = Debug|Any CPU
		{8758FBDB-9295-0DA5-31B6-DA01667F06FB}.Debug|Any CPU.Build.0 = Debug|Any CPU
		{8758FBDB-9295-0DA5-31B6-DA01667F06FB}.Release|Any CPU.ActiveCfg = Release|Any CPU
		{8758FBDB-9295-0DA5-31B6-DA01667F06FB}.Release|Any CPU.Build.0 = Release|Any CPU
		{5852058B-D7C5-46D7-A2C5-690708E5A6A1}.Debug|Any CPU.ActiveCfg = Debug|Any CPU
		{5852058B-D7C5-46D7-A2C5-690708E5A6A1}.Debug|Any CPU.Build.0 = Debug|Any CPU
		{5852058B-D7C5-46D7-A2C5-690708E5A6A1}.Release|Any CPU.ActiveCfg = Release|Any CPU
		{5852058B-D7C5-46D7-A2C5-690708E5A6A1}.Release|Any CPU.Build.0 = Release|Any CPU
		{EF092D76-BDB5-4B5D-BC13-CF657C0C5BED}.Debug|Any CPU.ActiveCfg = Debug|Any CPU
		{EF092D76-BDB5-4B5D-BC13-CF657C0C5BED}.Debug|Any CPU.Build.0 = Debug|Any CPU
		{EF092D76-BDB5-4B5D-BC13-CF657C0C5BED}.Release|Any CPU.ActiveCfg = Release|Any CPU
		{EF092D76-BDB5-4B5D-BC13-CF657C0C5BED}.Release|Any CPU.Build.0 = Release|Any CPU
		{016BD347-8CB2-4706-8AAF-5034BB1CB2D6}.Debug|Any CPU.ActiveCfg = Debug|Any CPU
		{016BD347-8CB2-4706-8AAF-5034BB1CB2D6}.Debug|Any CPU.Build.0 = Debug|Any CPU
		{016BD347-8CB2-4706-8AAF-5034BB1CB2D6}.Release|Any CPU.ActiveCfg = Release|Any CPU
		{016BD347-8CB2-4706-8AAF-5034BB1CB2D6}.Release|Any CPU.Build.0 = Release|Any CPU
		{8126C869-946A-436B-801E-B4FC56B3ED02}.Debug|Any CPU.ActiveCfg = Debug|Any CPU
		{8126C869-946A-436B-801E-B4FC56B3ED02}.Debug|Any CPU.Build.0 = Debug|Any CPU
		{8126C869-946A-436B-801E-B4FC56B3ED02}.Release|Any CPU.ActiveCfg = Release|Any CPU
		{8126C869-946A-436B-801E-B4FC56B3ED02}.Release|Any CPU.Build.0 = Release|Any CPU
		{C3D26537-B2F7-4756-A2F6-3FB540B4424B}.Debug|Any CPU.ActiveCfg = Debug|Any CPU
		{C3D26537-B2F7-4756-A2F6-3FB540B4424B}.Debug|Any CPU.Build.0 = Debug|Any CPU
		{C3D26537-B2F7-4756-A2F6-3FB540B4424B}.Release|Any CPU.ActiveCfg = Release|Any CPU
		{C3D26537-B2F7-4756-A2F6-3FB540B4424B}.Release|Any CPU.Build.0 = Release|Any CPU
		{BBAB73F6-CCEF-481E-9521-B75866746E79}.Debug|Any CPU.ActiveCfg = Debug|Any CPU
		{BBAB73F6-CCEF-481E-9521-B75866746E79}.Debug|Any CPU.Build.0 = Debug|Any CPU
		{BBAB73F6-CCEF-481E-9521-B75866746E79}.Release|Any CPU.ActiveCfg = Release|Any CPU
		{BBAB73F6-CCEF-481E-9521-B75866746E79}.Release|Any CPU.Build.0 = Release|Any CPU
		{BA3B5C5E-D6A4-39ED-6760-036CDB62E249}.Debug|Any CPU.ActiveCfg = Debug|Any CPU
		{BA3B5C5E-D6A4-39ED-6760-036CDB62E249}.Debug|Any CPU.Build.0 = Debug|Any CPU
		{BA3B5C5E-D6A4-39ED-6760-036CDB62E249}.Release|Any CPU.ActiveCfg = Release|Any CPU
		{BA3B5C5E-D6A4-39ED-6760-036CDB62E249}.Release|Any CPU.Build.0 = Release|Any CPU
		{7C06D570-5236-67C0-200D-EFEA42F6ED6E}.Debug|Any CPU.ActiveCfg = Debug|Any CPU
		{7C06D570-5236-67C0-200D-EFEA42F6ED6E}.Debug|Any CPU.Build.0 = Debug|Any CPU
		{7C06D570-5236-67C0-200D-EFEA42F6ED6E}.Release|Any CPU.ActiveCfg = Release|Any CPU
		{7C06D570-5236-67C0-200D-EFEA42F6ED6E}.Release|Any CPU.Build.0 = Release|Any CPU
		{71105A2D-8758-4CAB-BBA3-CB98D52E17F8}.Debug|Any CPU.ActiveCfg = Debug|Any CPU
		{71105A2D-8758-4CAB-BBA3-CB98D52E17F8}.Debug|Any CPU.Build.0 = Debug|Any CPU
		{71105A2D-8758-4CAB-BBA3-CB98D52E17F8}.Release|Any CPU.ActiveCfg = Release|Any CPU
		{71105A2D-8758-4CAB-BBA3-CB98D52E17F8}.Release|Any CPU.Build.0 = Release|Any CPU
		{7494F462-F713-4565-A948-4D4DFC21F9A3}.Debug|Any CPU.ActiveCfg = Debug|Any CPU
		{7494F462-F713-4565-A948-4D4DFC21F9A3}.Debug|Any CPU.Build.0 = Debug|Any CPU
		{7494F462-F713-4565-A948-4D4DFC21F9A3}.Release|Any CPU.ActiveCfg = Release|Any CPU
		{7494F462-F713-4565-A948-4D4DFC21F9A3}.Release|Any CPU.Build.0 = Release|Any CPU
		{6EF7678A-A725-F430-3097-30F090C0100A}.Debug|Any CPU.ActiveCfg = Debug|Any CPU
		{6EF7678A-A725-F430-3097-30F090C0100A}.Debug|Any CPU.Build.0 = Debug|Any CPU
		{6EF7678A-A725-F430-3097-30F090C0100A}.Release|Any CPU.ActiveCfg = Release|Any CPU
		{6EF7678A-A725-F430-3097-30F090C0100A}.Release|Any CPU.Build.0 = Release|Any CPU
		{010D0C11-D6A2-3CA6-3281-4E0FD547EC2D}.Debug|Any CPU.ActiveCfg = Debug|Any CPU
		{010D0C11-D6A2-3CA6-3281-4E0FD547EC2D}.Debug|Any CPU.Build.0 = Debug|Any CPU
		{010D0C11-D6A2-3CA6-3281-4E0FD547EC2D}.Release|Any CPU.ActiveCfg = Release|Any CPU
		{010D0C11-D6A2-3CA6-3281-4E0FD547EC2D}.Release|Any CPU.Build.0 = Release|Any CPU
		{6768F0D6-31BF-475C-A831-3CBDFA9DC62D}.Debug|Any CPU.ActiveCfg = Debug|Any CPU
		{6768F0D6-31BF-475C-A831-3CBDFA9DC62D}.Debug|Any CPU.Build.0 = Debug|Any CPU
		{6768F0D6-31BF-475C-A831-3CBDFA9DC62D}.Release|Any CPU.ActiveCfg = Release|Any CPU
		{6768F0D6-31BF-475C-A831-3CBDFA9DC62D}.Release|Any CPU.Build.0 = Release|Any CPU
		{7C40C9BD-4D76-4FAD-A7C1-C8CE6558E79F}.Debug|Any CPU.ActiveCfg = Debug|Any CPU
		{7C40C9BD-4D76-4FAD-A7C1-C8CE6558E79F}.Debug|Any CPU.Build.0 = Debug|Any CPU
		{7C40C9BD-4D76-4FAD-A7C1-C8CE6558E79F}.Release|Any CPU.ActiveCfg = Release|Any CPU
		{7C40C9BD-4D76-4FAD-A7C1-C8CE6558E79F}.Release|Any CPU.Build.0 = Release|Any CPU
		{95827572-96EB-4C4A-9F78-1CC3BEABA97F}.Debug|Any CPU.ActiveCfg = Debug|Any CPU
		{95827572-96EB-4C4A-9F78-1CC3BEABA97F}.Debug|Any CPU.Build.0 = Debug|Any CPU
		{95827572-96EB-4C4A-9F78-1CC3BEABA97F}.Release|Any CPU.ActiveCfg = Release|Any CPU
		{95827572-96EB-4C4A-9F78-1CC3BEABA97F}.Release|Any CPU.Build.0 = Release|Any CPU
		{F74341DD-0779-4AD8-BC1F-725F941D5FDC}.Debug|Any CPU.ActiveCfg = Debug|Any CPU
		{F74341DD-0779-4AD8-BC1F-725F941D5FDC}.Debug|Any CPU.Build.0 = Debug|Any CPU
		{F74341DD-0779-4AD8-BC1F-725F941D5FDC}.Release|Any CPU.ActiveCfg = Release|Any CPU
		{F74341DD-0779-4AD8-BC1F-725F941D5FDC}.Release|Any CPU.Build.0 = Release|Any CPU
		{44F2AD5A-61D5-43FE-888D-AF1F0999427A}.Debug|Any CPU.ActiveCfg = Debug|Any CPU
		{44F2AD5A-61D5-43FE-888D-AF1F0999427A}.Debug|Any CPU.Build.0 = Debug|Any CPU
		{44F2AD5A-61D5-43FE-888D-AF1F0999427A}.Release|Any CPU.ActiveCfg = Release|Any CPU
		{44F2AD5A-61D5-43FE-888D-AF1F0999427A}.Release|Any CPU.Build.0 = Release|Any CPU
		{6C71692A-D759-4CEB-BFB5-19E87D450A7C}.Debug|Any CPU.ActiveCfg = Debug|Any CPU
		{6C71692A-D759-4CEB-BFB5-19E87D450A7C}.Debug|Any CPU.Build.0 = Debug|Any CPU
		{6C71692A-D759-4CEB-BFB5-19E87D450A7C}.Release|Any CPU.ActiveCfg = Release|Any CPU
		{6C71692A-D759-4CEB-BFB5-19E87D450A7C}.Release|Any CPU.Build.0 = Release|Any CPU
		{23FE3793-2ADE-4B44-8984-F4E9C56B74D6}.Debug|Any CPU.ActiveCfg = Debug|Any CPU
		{23FE3793-2ADE-4B44-8984-F4E9C56B74D6}.Debug|Any CPU.Build.0 = Debug|Any CPU
		{23FE3793-2ADE-4B44-8984-F4E9C56B74D6}.Release|Any CPU.ActiveCfg = Release|Any CPU
		{23FE3793-2ADE-4B44-8984-F4E9C56B74D6}.Release|Any CPU.Build.0 = Release|Any CPU
		{F01C3B69-9D05-4BEF-26EB-57BAD926097B}.Debug|Any CPU.ActiveCfg = Debug|Any CPU
		{F01C3B69-9D05-4BEF-26EB-57BAD926097B}.Debug|Any CPU.Build.0 = Debug|Any CPU
		{F01C3B69-9D05-4BEF-26EB-57BAD926097B}.Release|Any CPU.ActiveCfg = Release|Any CPU
		{F01C3B69-9D05-4BEF-26EB-57BAD926097B}.Release|Any CPU.Build.0 = Release|Any CPU
		{414DFFD5-4A0F-DD91-933A-D9585859A325}.Debug|Any CPU.ActiveCfg = Debug|Any CPU
		{414DFFD5-4A0F-DD91-933A-D9585859A325}.Debug|Any CPU.Build.0 = Debug|Any CPU
		{414DFFD5-4A0F-DD91-933A-D9585859A325}.Release|Any CPU.ActiveCfg = Release|Any CPU
		{414DFFD5-4A0F-DD91-933A-D9585859A325}.Release|Any CPU.Build.0 = Release|Any CPU
		{8D534F37-844C-4673-BC94-A94E027BEA93}.Debug|Any CPU.ActiveCfg = Debug|Any CPU
		{8D534F37-844C-4673-BC94-A94E027BEA93}.Debug|Any CPU.Build.0 = Debug|Any CPU
		{8D534F37-844C-4673-BC94-A94E027BEA93}.Release|Any CPU.ActiveCfg = Release|Any CPU
		{8D534F37-844C-4673-BC94-A94E027BEA93}.Release|Any CPU.Build.0 = Release|Any CPU
		{E6832AAD-E04A-4461-ABBD-9AA7ED8DB545}.Debug|Any CPU.ActiveCfg = Debug|Any CPU
		{E6832AAD-E04A-4461-ABBD-9AA7ED8DB545}.Debug|Any CPU.Build.0 = Debug|Any CPU
		{E6832AAD-E04A-4461-ABBD-9AA7ED8DB545}.Release|Any CPU.ActiveCfg = Release|Any CPU
		{E6832AAD-E04A-4461-ABBD-9AA7ED8DB545}.Release|Any CPU.Build.0 = Release|Any CPU
		{5E2AC042-7C07-481E-96F4-9B3F1375CB48}.Debug|Any CPU.ActiveCfg = Debug|Any CPU
		{5E2AC042-7C07-481E-96F4-9B3F1375CB48}.Debug|Any CPU.Build.0 = Debug|Any CPU
		{5E2AC042-7C07-481E-96F4-9B3F1375CB48}.Release|Any CPU.ActiveCfg = Release|Any CPU
		{5E2AC042-7C07-481E-96F4-9B3F1375CB48}.Release|Any CPU.Build.0 = Release|Any CPU
		{7168B143-1370-48BC-BE57-4061CB074B87}.Debug|Any CPU.ActiveCfg = Debug|Any CPU
		{7168B143-1370-48BC-BE57-4061CB074B87}.Debug|Any CPU.Build.0 = Debug|Any CPU
		{7168B143-1370-48BC-BE57-4061CB074B87}.Release|Any CPU.ActiveCfg = Release|Any CPU
		{7168B143-1370-48BC-BE57-4061CB074B87}.Release|Any CPU.Build.0 = Release|Any CPU
		{5C49F023-9897-4B38-9061-403DE2DA0B11}.Debug|Any CPU.ActiveCfg = Debug|Any CPU
		{5C49F023-9897-4B38-9061-403DE2DA0B11}.Debug|Any CPU.Build.0 = Debug|Any CPU
		{5C49F023-9897-4B38-9061-403DE2DA0B11}.Release|Any CPU.ActiveCfg = Release|Any CPU
		{5C49F023-9897-4B38-9061-403DE2DA0B11}.Release|Any CPU.Build.0 = Release|Any CPU
		{3B910E05-B490-4C8B-B2BF-0682572A3A0B}.Debug|Any CPU.ActiveCfg = Debug|Any CPU
		{3B910E05-B490-4C8B-B2BF-0682572A3A0B}.Debug|Any CPU.Build.0 = Debug|Any CPU
		{3B910E05-B490-4C8B-B2BF-0682572A3A0B}.Release|Any CPU.ActiveCfg = Release|Any CPU
		{3B910E05-B490-4C8B-B2BF-0682572A3A0B}.Release|Any CPU.Build.0 = Release|Any CPU
		{27038E36-C246-4D33-BCF2-2B93A31B6E6A}.Debug|Any CPU.ActiveCfg = Debug|Any CPU
		{27038E36-C246-4D33-BCF2-2B93A31B6E6A}.Debug|Any CPU.Build.0 = Debug|Any CPU
		{27038E36-C246-4D33-BCF2-2B93A31B6E6A}.Release|Any CPU.ActiveCfg = Release|Any CPU
		{27038E36-C246-4D33-BCF2-2B93A31B6E6A}.Release|Any CPU.Build.0 = Release|Any CPU
		{EB82F83C-A914-4874-878E-B049B28FF964}.Debug|Any CPU.ActiveCfg = Debug|Any CPU
		{EB82F83C-A914-4874-878E-B049B28FF964}.Debug|Any CPU.Build.0 = Debug|Any CPU
		{EB82F83C-A914-4874-878E-B049B28FF964}.Release|Any CPU.ActiveCfg = Release|Any CPU
		{EB82F83C-A914-4874-878E-B049B28FF964}.Release|Any CPU.Build.0 = Release|Any CPU
		{9B249788-F04C-4E1B-93E1-BFD11911F492}.Debug|Any CPU.ActiveCfg = Debug|Any CPU
		{9B249788-F04C-4E1B-93E1-BFD11911F492}.Debug|Any CPU.Build.0 = Debug|Any CPU
		{9B249788-F04C-4E1B-93E1-BFD11911F492}.Release|Any CPU.ActiveCfg = Release|Any CPU
		{9B249788-F04C-4E1B-93E1-BFD11911F492}.Release|Any CPU.Build.0 = Release|Any CPU
		{EE4F3CBF-B616-47B9-9D22-541E6F22166B}.Debug|Any CPU.ActiveCfg = Debug|Any CPU
		{EE4F3CBF-B616-47B9-9D22-541E6F22166B}.Debug|Any CPU.Build.0 = Debug|Any CPU
		{EE4F3CBF-B616-47B9-9D22-541E6F22166B}.Release|Any CPU.ActiveCfg = Release|Any CPU
		{EE4F3CBF-B616-47B9-9D22-541E6F22166B}.Release|Any CPU.Build.0 = Release|Any CPU
		{86A98A28-01A7-4666-9423-93905AB23F82}.Debug|Any CPU.ActiveCfg = Debug|Any CPU
		{86A98A28-01A7-4666-9423-93905AB23F82}.Debug|Any CPU.Build.0 = Debug|Any CPU
		{86A98A28-01A7-4666-9423-93905AB23F82}.Release|Any CPU.ActiveCfg = Release|Any CPU
		{86A98A28-01A7-4666-9423-93905AB23F82}.Release|Any CPU.Build.0 = Release|Any CPU
		{0A53510D-BFB6-4EF4-8388-8056EE7DD069}.Debug|Any CPU.ActiveCfg = Debug|Any CPU
		{0A53510D-BFB6-4EF4-8388-8056EE7DD069}.Debug|Any CPU.Build.0 = Debug|Any CPU
		{0A53510D-BFB6-4EF4-8388-8056EE7DD069}.Release|Any CPU.ActiveCfg = Release|Any CPU
		{0A53510D-BFB6-4EF4-8388-8056EE7DD069}.Release|Any CPU.Build.0 = Release|Any CPU
		{3C94D736-8E0B-4E27-A307-059ABDE16D32}.Debug|Any CPU.ActiveCfg = Debug|Any CPU
		{3C94D736-8E0B-4E27-A307-059ABDE16D32}.Debug|Any CPU.Build.0 = Debug|Any CPU
		{3C94D736-8E0B-4E27-A307-059ABDE16D32}.Release|Any CPU.ActiveCfg = Release|Any CPU
		{3C94D736-8E0B-4E27-A307-059ABDE16D32}.Release|Any CPU.Build.0 = Release|Any CPU
		{8734F651-33AC-4DD2-8BC3-C9F18E50F663}.Debug|Any CPU.ActiveCfg = Debug|Any CPU
		{8734F651-33AC-4DD2-8BC3-C9F18E50F663}.Debug|Any CPU.Build.0 = Debug|Any CPU
		{8734F651-33AC-4DD2-8BC3-C9F18E50F663}.Release|Any CPU.ActiveCfg = Release|Any CPU
		{8734F651-33AC-4DD2-8BC3-C9F18E50F663}.Release|Any CPU.Build.0 = Release|Any CPU
		{D66E133E-F890-4332-A897-03237A5F4718}.Debug|Any CPU.ActiveCfg = Debug|Any CPU
		{D66E133E-F890-4332-A897-03237A5F4718}.Debug|Any CPU.Build.0 = Debug|Any CPU
		{D66E133E-F890-4332-A897-03237A5F4718}.Release|Any CPU.ActiveCfg = Release|Any CPU
		{D66E133E-F890-4332-A897-03237A5F4718}.Release|Any CPU.Build.0 = Release|Any CPU
		{5E4B175E-BD50-459D-B4B4-2D816D47BCCD}.Debug|Any CPU.ActiveCfg = Debug|Any CPU
		{5E4B175E-BD50-459D-B4B4-2D816D47BCCD}.Debug|Any CPU.Build.0 = Debug|Any CPU
		{5E4B175E-BD50-459D-B4B4-2D816D47BCCD}.Release|Any CPU.ActiveCfg = Release|Any CPU
		{5E4B175E-BD50-459D-B4B4-2D816D47BCCD}.Release|Any CPU.Build.0 = Release|Any CPU
		{A3801FFC-0072-4042-8F95-CDBA69A27003}.Debug|Any CPU.ActiveCfg = Debug|Any CPU
		{A3801FFC-0072-4042-8F95-CDBA69A27003}.Debug|Any CPU.Build.0 = Debug|Any CPU
		{A3801FFC-0072-4042-8F95-CDBA69A27003}.Release|Any CPU.ActiveCfg = Release|Any CPU
		{A3801FFC-0072-4042-8F95-CDBA69A27003}.Release|Any CPU.Build.0 = Release|Any CPU
		{09E70369-44CB-49C0-9752-4E1FB1E4C550}.Debug|Any CPU.ActiveCfg = Debug|Any CPU
		{09E70369-44CB-49C0-9752-4E1FB1E4C550}.Debug|Any CPU.Build.0 = Debug|Any CPU
		{09E70369-44CB-49C0-9752-4E1FB1E4C550}.Release|Any CPU.ActiveCfg = Release|Any CPU
		{09E70369-44CB-49C0-9752-4E1FB1E4C550}.Release|Any CPU.Build.0 = Release|Any CPU
		{5F079D30-1F20-440B-B837-8324DDEE3239}.Debug|Any CPU.ActiveCfg = Debug|Any CPU
		{5F079D30-1F20-440B-B837-8324DDEE3239}.Debug|Any CPU.Build.0 = Debug|Any CPU
		{5F079D30-1F20-440B-B837-8324DDEE3239}.Release|Any CPU.ActiveCfg = Release|Any CPU
		{5F079D30-1F20-440B-B837-8324DDEE3239}.Release|Any CPU.Build.0 = Release|Any CPU
		{C2678364-E7E1-4FD4-83F6-3DB7906CFC41}.Debug|Any CPU.ActiveCfg = Debug|Any CPU
		{C2678364-E7E1-4FD4-83F6-3DB7906CFC41}.Debug|Any CPU.Build.0 = Debug|Any CPU
		{C2678364-E7E1-4FD4-83F6-3DB7906CFC41}.Release|Any CPU.ActiveCfg = Release|Any CPU
		{C2678364-E7E1-4FD4-83F6-3DB7906CFC41}.Release|Any CPU.Build.0 = Release|Any CPU
		{A119B0AA-C02A-4E41-8C8C-D670D9811EFE}.Debug|Any CPU.ActiveCfg = Debug|Any CPU
		{A119B0AA-C02A-4E41-8C8C-D670D9811EFE}.Debug|Any CPU.Build.0 = Debug|Any CPU
		{A119B0AA-C02A-4E41-8C8C-D670D9811EFE}.Release|Any CPU.ActiveCfg = Release|Any CPU
		{A119B0AA-C02A-4E41-8C8C-D670D9811EFE}.Release|Any CPU.Build.0 = Release|Any CPU
		{18C30BD7-2CA1-49C9-BE63-F3BA647FD8B2}.Debug|Any CPU.ActiveCfg = Debug|Any CPU
		{18C30BD7-2CA1-49C9-BE63-F3BA647FD8B2}.Debug|Any CPU.Build.0 = Debug|Any CPU
		{18C30BD7-2CA1-49C9-BE63-F3BA647FD8B2}.Release|Any CPU.ActiveCfg = Release|Any CPU
		{18C30BD7-2CA1-49C9-BE63-F3BA647FD8B2}.Release|Any CPU.Build.0 = Release|Any CPU
		{EC73C183-D9B6-4EFD-9A22-662EC60FC8C5}.Debug|Any CPU.ActiveCfg = Debug|Any CPU
		{EC73C183-D9B6-4EFD-9A22-662EC60FC8C5}.Debug|Any CPU.Build.0 = Debug|Any CPU
		{EC73C183-D9B6-4EFD-9A22-662EC60FC8C5}.Release|Any CPU.ActiveCfg = Release|Any CPU
		{EC73C183-D9B6-4EFD-9A22-662EC60FC8C5}.Release|Any CPU.Build.0 = Release|Any CPU
	EndGlobalSection
	GlobalSection(SolutionProperties) = preSolution
		HideSolutionNode = FALSE
	EndGlobalSection
	GlobalSection(NestedProjects) = preSolution
		{43B78CAB-7771-4A0A-8496-A3D7866DC352} = {DDB4EF12-CC4E-5E88-E6FC-71A802F4DE97}
		{1206D7B8-6D45-444C-BF00-C3507A6E80D8} = {D1574452-AAB1-4377-B2EB-70986C005BB2}
		{DC2D5B69-EE49-4C07-ABB4-AB45C7683EA9} = {D1574452-AAB1-4377-B2EB-70986C005BB2}
		{500C2D80-4999-4326-8710-41334135AA1E} = {DC2D5B69-EE49-4C07-ABB4-AB45C7683EA9}
		{5ACE705D-F307-49AB-A0D6-E50229E8C469} = {C8477E84-C1B9-44BA-9CEA-14D65E9CC9F3}
		{F7B68E53-10B2-46E6-8D09-46BA1DCFE757} = {C8477E84-C1B9-44BA-9CEA-14D65E9CC9F3}
		{BBBDBB7B-33BC-4715-899D-067E43B3F8B1} = {D1574452-AAB1-4377-B2EB-70986C005BB2}
		{5F3A82D8-492F-4103-B394-764036076163} = {BBBDBB7B-33BC-4715-899D-067E43B3F8B1}
		{BFA58C48-9741-41CF-88B7-5D0CAAC3DFE9} = {DC2D5B69-EE49-4C07-ABB4-AB45C7683EA9}
		{E77C7583-480A-43AE-80E8-C814F9C35793} = {9E3DE3A2-E93E-4AAC-9A43-CA53509ECA9A}
		{1B591115-C498-45B3-87B4-5D93092D48FD} = {9E3DE3A2-E93E-4AAC-9A43-CA53509ECA9A}
		{22845E0E-9D04-49D8-BA4A-72F85F21E23E} = {9E3DE3A2-E93E-4AAC-9A43-CA53509ECA9A}
		{04998E30-41F6-4978-8752-05CD62ACAA9C} = {22845E0E-9D04-49D8-BA4A-72F85F21E23E}
		{0CCE06C8-8944-41D5-9C8E-5B1F7F252868} = {09982D69-2F1E-42B4-837E-AEF57C448368}
		{19F0C997-2F21-4C68-8FA7-E832F172E146} = {09982D69-2F1E-42B4-837E-AEF57C448368}
		{3C4CFC8C-51F9-4F4C-8214-A4519D5820E5} = {19F0C997-2F21-4C68-8FA7-E832F172E146}
		{91419E22-3721-4A55-8898-58EF5FF73F93} = {19F0C997-2F21-4C68-8FA7-E832F172E146}
		{8EF08C5A-CA0E-4C1F-8766-84E069A2EF3A} = {57FBAD72-3648-42E6-BB18-28E901B802CA}
		{6F0B359A-3C4A-4256-BF97-2F02BF54EDAE} = {1E0DA907-DE0D-4B1C-8ECF-24DBF8BDB87E}
		{EC429FE5-44F2-4690-A772-F665176DB7FB} = {6F0B359A-3C4A-4256-BF97-2F02BF54EDAE}
		{2CF3A4E3-3170-4A13-B341-AB0F27550E45} = {1E0DA907-DE0D-4B1C-8ECF-24DBF8BDB87E}
		{BA2769E1-27C2-4284-BE48-670EDDD1E2E9} = {1E0DA907-DE0D-4B1C-8ECF-24DBF8BDB87E}
		{1D034994-2597-4EB3-BF3C-41676CAD9358} = {6F0B359A-3C4A-4256-BF97-2F02BF54EDAE}
		{953BC450-E8E4-4CDE-A8F4-1A96CECC0514} = {DC6D9EA9-B5D0-45B9-BE23-293F3F2DD64B}
		{938170B6-E5D4-4A71-9516-7B0F9342CBCD} = {DC6D9EA9-B5D0-45B9-BE23-293F3F2DD64B}
		{615DA523-A783-418C-B2C3-47158DCB6BA8} = {938170B6-E5D4-4A71-9516-7B0F9342CBCD}
		{33BFA2D9-C7E8-4DCB-B5EB-45C3E871CE1E} = {938170B6-E5D4-4A71-9516-7B0F9342CBCD}
		{9605B4B8-0A34-BDE4-CFD2-F49073E3B9EF} = {938170B6-E5D4-4A71-9516-7B0F9342CBCD}
		{8758FBDB-9295-0DA5-31B6-DA01667F06FB} = {938170B6-E5D4-4A71-9516-7B0F9342CBCD}
		{5852058B-D7C5-46D7-A2C5-690708E5A6A1} = {DC6D9EA9-B5D0-45B9-BE23-293F3F2DD64B}
		{8E9BFCD7-59DF-422E-8E0B-C660AE90B36B} = {5D45503A-7179-4754-9903-EE9B1352E2CA}
		{EF092D76-BDB5-4B5D-BC13-CF657C0C5BED} = {5D45503A-7179-4754-9903-EE9B1352E2CA}
		{016BD347-8CB2-4706-8AAF-5034BB1CB2D6} = {5D45503A-7179-4754-9903-EE9B1352E2CA}
		{8126C869-946A-436B-801E-B4FC56B3ED02} = {8E9BFCD7-59DF-422E-8E0B-C660AE90B36B}
		{C3D26537-B2F7-4756-A2F6-3FB540B4424B} = {8E9BFCD7-59DF-422E-8E0B-C660AE90B36B}
		{6630F72B-6DAA-437B-8E1A-85A9F78F9D07} = {CCF10D9B-6586-4B65-A414-932208B7947C}
		{BBAB73F6-CCEF-481E-9521-B75866746E79} = {6630F72B-6DAA-437B-8E1A-85A9F78F9D07}
		{BA3B5C5E-D6A4-39ED-6760-036CDB62E249} = {CCF10D9B-6586-4B65-A414-932208B7947C}
		{7C06D570-5236-67C0-200D-EFEA42F6ED6E} = {CCF10D9B-6586-4B65-A414-932208B7947C}
		{71105A2D-8758-4CAB-BBA3-CB98D52E17F8} = {CCF10D9B-6586-4B65-A414-932208B7947C}
		{7494F462-F713-4565-A948-4D4DFC21F9A3} = {CCF10D9B-6586-4B65-A414-932208B7947C}
		{6EF7678A-A725-F430-3097-30F090C0100A} = {EB2E3233-5232-42DB-B448-F5C0F1C63E3E}
		{010D0C11-D6A2-3CA6-3281-4E0FD547EC2D} = {EB2E3233-5232-42DB-B448-F5C0F1C63E3E}
		{6768F0D6-31BF-475C-A831-3CBDFA9DC62D} = {57F3B7EF-72BB-4EA9-BA52-9F7DE650A721}
		{E7129ACC-3467-4B57-8286-F45012077018} = {57F3B7EF-72BB-4EA9-BA52-9F7DE650A721}
		{7C40C9BD-4D76-4FAD-A7C1-C8CE6558E79F} = {E7129ACC-3467-4B57-8286-F45012077018}
		{95827572-96EB-4C4A-9F78-1CC3BEABA97F} = {E7129ACC-3467-4B57-8286-F45012077018}
		{F74341DD-0779-4AD8-BC1F-725F941D5FDC} = {E7129ACC-3467-4B57-8286-F45012077018}
		{44F2AD5A-61D5-43FE-888D-AF1F0999427A} = {C8477E84-C1B9-44BA-9CEA-14D65E9CC9F3}
		{E55000B3-F07C-4A44-BA62-FA15017A3987} = {FD909BF5-8CA2-41F5-AB48-0ED4E3C9452E}
		{6C71692A-D759-4CEB-BFB5-19E87D450A7C} = {FD909BF5-8CA2-41F5-AB48-0ED4E3C9452E}
		{23FE3793-2ADE-4B44-8984-F4E9C56B74D6} = {E55000B3-F07C-4A44-BA62-FA15017A3987}
		{F01C3B69-9D05-4BEF-26EB-57BAD926097B} = {E55000B3-F07C-4A44-BA62-FA15017A3987}
		{414DFFD5-4A0F-DD91-933A-D9585859A325} = {E55000B3-F07C-4A44-BA62-FA15017A3987}
		{8D534F37-844C-4673-BC94-A94E027BEA93} = {C8477E84-C1B9-44BA-9CEA-14D65E9CC9F3}
		{E6832AAD-E04A-4461-ABBD-9AA7ED8DB545} = {8575ACC1-8366-4B31-89D0-9C6B33C3F812}
		{4A3E97FE-7444-48F3-A8C2-B0868FF4E9B9} = {8575ACC1-8366-4B31-89D0-9C6B33C3F812}
		{5E2AC042-7C07-481E-96F4-9B3F1375CB48} = {4A3E97FE-7444-48F3-A8C2-B0868FF4E9B9}
		{7168B143-1370-48BC-BE57-4061CB074B87} = {4A3E97FE-7444-48F3-A8C2-B0868FF4E9B9}
		{5C49F023-9897-4B38-9061-403DE2DA0B11} = {8575ACC1-8366-4B31-89D0-9C6B33C3F812}
		{3B910E05-B490-4C8B-B2BF-0682572A3A0B} = {4A3E97FE-7444-48F3-A8C2-B0868FF4E9B9}
		{27038E36-C246-4D33-BCF2-2B93A31B6E6A} = {8575ACC1-8366-4B31-89D0-9C6B33C3F812}
		{EB82F83C-A914-4874-878E-B049B28FF964} = {4A3E97FE-7444-48F3-A8C2-B0868FF4E9B9}
		{9B249788-F04C-4E1B-93E1-BFD11911F492} = {C22B8BBF-10EC-47C1-87E9-4EC5EAECBB76}
		{EE4F3CBF-B616-47B9-9D22-541E6F22166B} = {C22B8BBF-10EC-47C1-87E9-4EC5EAECBB76}
		{86A98A28-01A7-4666-9423-93905AB23F82} = {C22B8BBF-10EC-47C1-87E9-4EC5EAECBB76}
		{0A53510D-BFB6-4EF4-8388-8056EE7DD069} = {C22B8BBF-10EC-47C1-87E9-4EC5EAECBB76}
		{3C94D736-8E0B-4E27-A307-059ABDE16D32} = {C22B8BBF-10EC-47C1-87E9-4EC5EAECBB76}
		{8734F651-33AC-4DD2-8BC3-C9F18E50F663} = {C22B8BBF-10EC-47C1-87E9-4EC5EAECBB76}
		{D66E133E-F890-4332-A897-03237A5F4718} = {C22B8BBF-10EC-47C1-87E9-4EC5EAECBB76}
		{5E4B175E-BD50-459D-B4B4-2D816D47BCCD} = {DF6B4AB6-78B9-48A6-BFFC-4A5720795330}
		{A3801FFC-0072-4042-8F95-CDBA69A27003} = {DF6B4AB6-78B9-48A6-BFFC-4A5720795330}
		{09E70369-44CB-49C0-9752-4E1FB1E4C550} = {0500B0B1-33FF-4795-8808-4DDA6F31EA78}
		{0096484D-EFBC-4CD4-B025-A3A9637CD0BF} = {0500B0B1-33FF-4795-8808-4DDA6F31EA78}
		{5F079D30-1F20-440B-B837-8324DDEE3239} = {0096484D-EFBC-4CD4-B025-A3A9637CD0BF}
		{C2678364-E7E1-4FD4-83F6-3DB7906CFC41} = {321E1F53-4F30-4FD5-A61A-7CCE85973B4B}
		{EB53A4CE-1F95-4EC2-98A0-7229FC5D5A4D} = {321E1F53-4F30-4FD5-A61A-7CCE85973B4B}
		{A119B0AA-C02A-4E41-8C8C-D670D9811EFE} = {EB53A4CE-1F95-4EC2-98A0-7229FC5D5A4D}
		{18C30BD7-2CA1-49C9-BE63-F3BA647FD8B2} = {321E1F53-4F30-4FD5-A61A-7CCE85973B4B}
		{EC73C183-D9B6-4EFD-9A22-662EC60FC8C5} = {321E1F53-4F30-4FD5-A61A-7CCE85973B4B}
	EndGlobalSection
	GlobalSection(ExtensibilityGlobals) = postSolution
		SolutionGuid = {66B8B959-9282-491F-AE2A-1B66417F4425}
	EndGlobalSection
EndGlobal
