
Microsoft Visual Studio Solution File, Format Version 12.00
# Visual Studio Version 17
VisualStudioVersion = 17.13.35825.156
MinimumVisualStudioVersion = 10.0.40219.1
Project("{2150E333-8FDC-42A3-9474-1A3956D46DE8}") = "Chapter01", "Chapter01", "{DDB4EF12-CC4E-5E88-E6FC-71A802F4DE97}"
EndProject
Project("{FAE04EC0-301F-11D3-BF4B-00C04F79EFBC}") = "ProductSample", "Chapter01\ProductSample\ProductSample.csproj", "{43B78CAB-7771-4A0A-8496-A3D7866DC352}"
EndProject
Project("{2150E333-8FDC-42A3-9474-1A3956D46DE8}") = "Chapter02", "Chapter02", "{D1574452-AAB1-4377-B2EB-70986C005BB2}"
EndProject
Project("{FAE04EC0-301F-11D3-BF4B-00C04F79EFBC}") = "DistanceConverter", "Chapter02\DistanceConverter\DistanceConverter.csproj", "{1206D7B8-6D45-444C-BF00-C3507A6E80D8}"
EndProject
Project("{2150E333-8FDC-42A3-9474-1A3956D46DE8}") = "演習問題", "演習問題", "{DC2D5B69-EE49-4C07-ABB4-AB45C7683EA9}"
EndProject
Project("{FAE04EC0-301F-11D3-BF4B-00C04F79EFBC}") = "Exercise02", "Chapter02\演習問題\Exercise02\Exercise02.csproj", "{500C2D80-4999-4326-8710-41334135AA1E}"
EndProject
Project("{2150E333-8FDC-42A3-9474-1A3956D46DE8}") = "FormApps", "FormApps", "{C8477E84-C1B9-44BA-9CEA-14D65E9CC9F3}"
EndProject
Project("{FAE04EC0-301F-11D3-BF4B-00C04F79EFBC}") = "UnitConverter", "FormApps\UnitConverter\UnitConverter.csproj", "{5ACE705D-F307-49AB-A0D6-E50229E8C469}"
EndProject
Project("{FAE04EC0-301F-11D3-BF4B-00C04F79EFBC}") = "StopWatch", "FormApps\StopWatch\StopWatch.csproj", "{F7B68E53-10B2-46E6-8D09-46BA1DCFE757}"
EndProject
Project("{2150E333-8FDC-42A3-9474-1A3956D46DE8}") = "売上集計プログラム", "売上集計プログラム", "{BBBDBB7B-33BC-4715-899D-067E43B3F8B1}"
EndProject
Project("{FAE04EC0-301F-11D3-BF4B-00C04F79EFBC}") = "SalesCalculator", "Chapter02\売上集計プログラム\SalesCalculator\SalesCalculator.csproj", "{5F3A82D8-492F-4103-B394-764036076163}"
EndProject
Project("{FAE04EC0-301F-11D3-BF4B-00C04F79EFBC}") = "Exercise01", "Chapter02\演習問題\Exercise01\Exercise01.csproj", "{BFA58C48-9741-41CF-88B7-5D0CAAC3DFE9}"
EndProject
Project("{2150E333-8FDC-42A3-9474-1A3956D46DE8}") = "Chapter03", "Chapter03", "{9E3DE3A2-E93E-4AAC-9A43-CA53509ECA9A}"
EndProject
Project("{FAE04EC0-301F-11D3-BF4B-00C04F79EFBC}") = "Section01", "Chapter03\Section01\Section01.csproj", "{E77C7583-480A-43AE-80E8-C814F9C35793}"
EndProject
Project("{FAE04EC0-301F-11D3-BF4B-00C04F79EFBC}") = "Section04", "Chapter03\Section04\Section04.csproj", "{1B591115-C498-45B3-87B4-5D93092D48FD}"
EndProject
Project("{2150E333-8FDC-42A3-9474-1A3956D46DE8}") = "演習問題", "演習問題", "{22845E0E-9D04-49D8-BA4A-72F85F21E23E}"
EndProject
Project("{FAE04EC0-301F-11D3-BF4B-00C04F79EFBC}") = "Exercise01", "Chapter03\演習問題\Exercise01\Exercise01.csproj", "{04998E30-41F6-4978-8752-05CD62ACAA9C}"
EndProject
Project("{2150E333-8FDC-42A3-9474-1A3956D46DE8}") = "Chapter04", "Chapter04", "{09982D69-2F1E-42B4-837E-AEF57C448368}"
EndProject
Project("{FAE04EC0-301F-11D3-BF4B-00C04F79EFBC}") = "Exercise04", "Chapter04\Exercise04\Exercise04.csproj", "{0CCE06C8-8944-41D5-9C8E-5B1F7F252868}"
EndProject
Project("{2150E333-8FDC-42A3-9474-1A3956D46DE8}") = "演習問題", "演習問題", "{19F0C997-2F21-4C68-8FA7-E832F172E146}"
EndProject
Project("{FAE04EC0-301F-11D3-BF4B-00C04F79EFBC}") = "Exercise01", "Chapter04\演習問題\Exercise01\Exercise01.csproj", "{3C4CFC8C-51F9-4F4C-8214-A4519D5820E5}"
EndProject
Project("{FAE04EC0-301F-11D3-BF4B-00C04F79EFBC}") = "Exercise02", "Chapter04\演習問題\Exercise02\Exercise02.csproj", "{91419E22-3721-4A55-8898-58EF5FF73F93}"
EndProject
Project("{2150E333-8FDC-42A3-9474-1A3956D46DE8}") = "LINQ", "LINQ", "{57FBAD72-3648-42E6-BB18-28E901B802CA}"
EndProject
Project("{FAE04EC0-301F-11D3-BF4B-00C04F79EFBC}") = "LinqSample", "LINQ\LinqSample\LinqSample.csproj", "{8EF08C5A-CA0E-4C1F-8766-84E069A2EF3A}"
EndProject
Project("{2150E333-8FDC-42A3-9474-1A3956D46DE8}") = "Chapter07", "Chapter07", "{1E0DA907-DE0D-4B1C-8ECF-24DBF8BDB87E}"
EndProject
Project("{2150E333-8FDC-42A3-9474-1A3956D46DE8}") = "演習問題", "演習問題", "{6F0B359A-3C4A-4256-BF97-2F02BF54EDAE}"
EndProject
Project("{FAE04EC0-301F-11D3-BF4B-00C04F79EFBC}") = "Exercise01", "Chapter07\演習問題\Exercise01\Exercise01.csproj", "{EC429FE5-44F2-4690-A772-F665176DB7FB}"
EndProject
Project("{FAE04EC0-301F-11D3-BF4B-00C04F79EFBC}") = "Section01", "Chapter07\Section01\Section01.csproj", "{2CF3A4E3-3170-4A13-B341-AB0F27550E45}"
EndProject
Project("{FAE04EC0-301F-11D3-BF4B-00C04F79EFBC}") = "Section05", "Chapter07\Section05\Section05.csproj", "{BA2769E1-27C2-4284-BE48-670EDDD1E2E9}"
EndProject
Project("{FAE04EC0-301F-11D3-BF4B-00C04F79EFBC}") = "Exercise02", "Chapter07\演習問題\Exercise02\Exercise02.csproj", "{1D034994-2597-4EB3-BF3C-41676CAD9358}"
EndProject
Project("{2150E333-8FDC-42A3-9474-1A3956D46DE8}") = "Chapter06", "Chapter06", "{DC6D9EA9-B5D0-45B9-BE23-293F3F2DD64B}"
EndProject
Project("{FAE04EC0-301F-11D3-BF4B-00C04F79EFBC}") = "Section01", "Chapter06\Section01\Section01.csproj", "{953BC450-E8E4-4CDE-A8F4-1A96CECC0514}"
EndProject
Project("{2150E333-8FDC-42A3-9474-1A3956D46DE8}") = "演習問題", "演習問題", "{938170B6-E5D4-4A71-9516-7B0F9342CBCD}"
EndProject
Project("{FAE04EC0-301F-11D3-BF4B-00C04F79EFBC}") = "Exercise01", "Chapter06\演習問題\Exercise01\Exercise01.csproj", "{615DA523-A783-418C-B2C3-47158DCB6BA8}"
EndProject
Project("{FAE04EC0-301F-11D3-BF4B-00C04F79EFBC}") = "Exercise03", "Chapter06\演習問題\Exercise03\Exercise03.csproj", "{33BFA2D9-C7E8-4DCB-B5EB-45C3E871CE1E}"
EndProject
Project("{FAE04EC0-301F-11D3-BF4B-00C04F79EFBC}") = "Exercise02", "Chapter06\演習問題\Exercise02\Exercise02.csproj", "{9605B4B8-0A34-BDE4-CFD2-F49073E3B9EF}"
EndProject
Project("{FAE04EC0-301F-11D3-BF4B-00C04F79EFBC}") = "Exercise04", "Chapter06\演習問題\Exercise04\Exercise04.csproj", "{8758FBDB-9295-0DA5-31B6-DA01667F06FB}"
EndProject
Project("{FAE04EC0-301F-11D3-BF4B-00C04F79EFBC}") = "Section03", "Chapter06\Section03\Section03.csproj", "{5852058B-D7C5-46D7-A2C5-690708E5A6A1}"
EndProject
Project("{2150E333-8FDC-42A3-9474-1A3956D46DE8}") = "Chapter05", "Chapter05", "{5D45503A-7179-4754-9903-EE9B1352E2CA}"
EndProject
Project("{2150E333-8FDC-42A3-9474-1A3956D46DE8}") = "演習問題", "演習問題", "{8E9BFCD7-59DF-422E-8E0B-C660AE90B36B}"
EndProject
Project("{FAE04EC0-301F-11D3-BF4B-00C04F79EFBC}") = "Section01", "Chapter05\Section01\Section01.csproj", "{EF092D76-BDB5-4B5D-BC13-CF657C0C5BED}"
EndProject
Project("{FAE04EC0-301F-11D3-BF4B-00C04F79EFBC}") = "Section02", "Chapter05\Section02\Section02.csproj", "{016BD347-8CB2-4706-8AAF-5034BB1CB2D6}"
EndProject
Project("{FAE04EC0-301F-11D3-BF4B-00C04F79EFBC}") = "Exercise01", "Chapter05\演習問題\Exercise01\Exercise01.csproj", "{8126C869-946A-436B-801E-B4FC56B3ED02}"
EndProject
Project("{FAE04EC0-301F-11D3-BF4B-00C04F79EFBC}") = "Exercise02", "Chapter05\演習問題\Exercise02\Exercise02.csproj", "{C3D26537-B2F7-4756-A2F6-3FB540B4424B}"
EndProject
Project("{2150E333-8FDC-42A3-9474-1A3956D46DE8}") = "Chapter08", "Chapter08", "{CCF10D9B-6586-4B65-A414-932208B7947C}"
EndProject
Project("{2150E333-8FDC-42A3-9474-1A3956D46DE8}") = "演習問題", "演習問題", "{6630F72B-6DAA-437B-8E1A-85A9F78F9D07}"
EndProject
Project("{FAE04EC0-301F-11D3-BF4B-00C04F79EFBC}") = "Exercise01", "Chapter08\演習問題\Exercise01\Exercise01.csproj", "{BBAB73F6-CCEF-481E-9521-B75866746E79}"
EndProject
Global
	GlobalSection(SolutionConfigurationPlatforms) = preSolution
		Debug|Any CPU = Debug|Any CPU
		Release|Any CPU = Release|Any CPU
	EndGlobalSection
	GlobalSection(ProjectConfigurationPlatforms) = postSolution
		{43B78CAB-7771-4A0A-8496-A3D7866DC352}.Debug|Any CPU.ActiveCfg = Debug|Any CPU
		{43B78CAB-7771-4A0A-8496-A3D7866DC352}.Debug|Any CPU.Build.0 = Debug|Any CPU
		{43B78CAB-7771-4A0A-8496-A3D7866DC352}.Release|Any CPU.ActiveCfg = Release|Any CPU
		{43B78CAB-7771-4A0A-8496-A3D7866DC352}.Release|Any CPU.Build.0 = Release|Any CPU
		{1206D7B8-6D45-444C-BF00-C3507A6E80D8}.Debug|Any CPU.ActiveCfg = Debug|Any CPU
		{1206D7B8-6D45-444C-BF00-C3507A6E80D8}.Debug|Any CPU.Build.0 = Debug|Any CPU
		{1206D7B8-6D45-444C-BF00-C3507A6E80D8}.Release|Any CPU.ActiveCfg = Release|Any CPU
		{1206D7B8-6D45-444C-BF00-C3507A6E80D8}.Release|Any CPU.Build.0 = Release|Any CPU
		{500C2D80-4999-4326-8710-41334135AA1E}.Debug|Any CPU.ActiveCfg = Debug|Any CPU
		{500C2D80-4999-4326-8710-41334135AA1E}.Debug|Any CPU.Build.0 = Debug|Any CPU
		{500C2D80-4999-4326-8710-41334135AA1E}.Release|Any CPU.ActiveCfg = Release|Any CPU
		{500C2D80-4999-4326-8710-41334135AA1E}.Release|Any CPU.Build.0 = Release|Any CPU
		{5ACE705D-F307-49AB-A0D6-E50229E8C469}.Debug|Any CPU.ActiveCfg = Debug|Any CPU
		{5ACE705D-F307-49AB-A0D6-E50229E8C469}.Debug|Any CPU.Build.0 = Debug|Any CPU
		{5ACE705D-F307-49AB-A0D6-E50229E8C469}.Release|Any CPU.ActiveCfg = Release|Any CPU
		{5ACE705D-F307-49AB-A0D6-E50229E8C469}.Release|Any CPU.Build.0 = Release|Any CPU
		{F7B68E53-10B2-46E6-8D09-46BA1DCFE757}.Debug|Any CPU.ActiveCfg = Debug|Any CPU
		{F7B68E53-10B2-46E6-8D09-46BA1DCFE757}.Debug|Any CPU.Build.0 = Debug|Any CPU
		{F7B68E53-10B2-46E6-8D09-46BA1DCFE757}.Release|Any CPU.ActiveCfg = Release|Any CPU
		{F7B68E53-10B2-46E6-8D09-46BA1DCFE757}.Release|Any CPU.Build.0 = Release|Any CPU
		{5F3A82D8-492F-4103-B394-764036076163}.Debug|Any CPU.ActiveCfg = Debug|Any CPU
		{5F3A82D8-492F-4103-B394-764036076163}.Debug|Any CPU.Build.0 = Debug|Any CPU
		{5F3A82D8-492F-4103-B394-764036076163}.Release|Any CPU.ActiveCfg = Release|Any CPU
		{5F3A82D8-492F-4103-B394-764036076163}.Release|Any CPU.Build.0 = Release|Any CPU
		{BFA58C48-9741-41CF-88B7-5D0CAAC3DFE9}.Debug|Any CPU.ActiveCfg = Debug|Any CPU
		{BFA58C48-9741-41CF-88B7-5D0CAAC3DFE9}.Debug|Any CPU.Build.0 = Debug|Any CPU
		{BFA58C48-9741-41CF-88B7-5D0CAAC3DFE9}.Release|Any CPU.ActiveCfg = Release|Any CPU
		{BFA58C48-9741-41CF-88B7-5D0CAAC3DFE9}.Release|Any CPU.Build.0 = Release|Any CPU
		{E77C7583-480A-43AE-80E8-C814F9C35793}.Debug|Any CPU.ActiveCfg = Debug|Any CPU
		{E77C7583-480A-43AE-80E8-C814F9C35793}.Debug|Any CPU.Build.0 = Debug|Any CPU
		{E77C7583-480A-43AE-80E8-C814F9C35793}.Release|Any CPU.ActiveCfg = Release|Any CPU
		{E77C7583-480A-43AE-80E8-C814F9C35793}.Release|Any CPU.Build.0 = Release|Any CPU
		{1B591115-C498-45B3-87B4-5D93092D48FD}.Debug|Any CPU.ActiveCfg = Debug|Any CPU
		{1B591115-C498-45B3-87B4-5D93092D48FD}.Debug|Any CPU.Build.0 = Debug|Any CPU
		{1B591115-C498-45B3-87B4-5D93092D48FD}.Release|Any CPU.ActiveCfg = Release|Any CPU
		{1B591115-C498-45B3-87B4-5D93092D48FD}.Release|Any CPU.Build.0 = Release|Any CPU
		{04998E30-41F6-4978-8752-05CD62ACAA9C}.Debug|Any CPU.ActiveCfg = Debug|Any CPU
		{04998E30-41F6-4978-8752-05CD62ACAA9C}.Debug|Any CPU.Build.0 = Debug|Any CPU
		{04998E30-41F6-4978-8752-05CD62ACAA9C}.Release|Any CPU.ActiveCfg = Release|Any CPU
		{04998E30-41F6-4978-8752-05CD62ACAA9C}.Release|Any CPU.Build.0 = Release|Any CPU
		{0CCE06C8-8944-41D5-9C8E-5B1F7F252868}.Debug|Any CPU.ActiveCfg = Debug|Any CPU
		{0CCE06C8-8944-41D5-9C8E-5B1F7F252868}.Debug|Any CPU.Build.0 = Debug|Any CPU
		{0CCE06C8-8944-41D5-9C8E-5B1F7F252868}.Release|Any CPU.ActiveCfg = Release|Any CPU
		{0CCE06C8-8944-41D5-9C8E-5B1F7F252868}.Release|Any CPU.Build.0 = Release|Any CPU
		{3C4CFC8C-51F9-4F4C-8214-A4519D5820E5}.Debug|Any CPU.ActiveCfg = Debug|Any CPU
		{3C4CFC8C-51F9-4F4C-8214-A4519D5820E5}.Debug|Any CPU.Build.0 = Debug|Any CPU
		{3C4CFC8C-51F9-4F4C-8214-A4519D5820E5}.Release|Any CPU.ActiveCfg = Release|Any CPU
		{3C4CFC8C-51F9-4F4C-8214-A4519D5820E5}.Release|Any CPU.Build.0 = Release|Any CPU
		{91419E22-3721-4A55-8898-58EF5FF73F93}.Debug|Any CPU.ActiveCfg = Debug|Any CPU
		{91419E22-3721-4A55-8898-58EF5FF73F93}.Debug|Any CPU.Build.0 = Debug|Any CPU
		{91419E22-3721-4A55-8898-58EF5FF73F93}.Release|Any CPU.ActiveCfg = Release|Any CPU
		{91419E22-3721-4A55-8898-58EF5FF73F93}.Release|Any CPU.Build.0 = Release|Any CPU
		{8EF08C5A-CA0E-4C1F-8766-84E069A2EF3A}.Debug|Any CPU.ActiveCfg = Debug|Any CPU
		{8EF08C5A-CA0E-4C1F-8766-84E069A2EF3A}.Debug|Any CPU.Build.0 = Debug|Any CPU
		{8EF08C5A-CA0E-4C1F-8766-84E069A2EF3A}.Release|Any CPU.ActiveCfg = Release|Any CPU
		{8EF08C5A-CA0E-4C1F-8766-84E069A2EF3A}.Release|Any CPU.Build.0 = Release|Any CPU
		{EC429FE5-44F2-4690-A772-F665176DB7FB}.Debug|Any CPU.ActiveCfg = Debug|Any CPU
		{EC429FE5-44F2-4690-A772-F665176DB7FB}.Debug|Any CPU.Build.0 = Debug|Any CPU
		{EC429FE5-44F2-4690-A772-F665176DB7FB}.Release|Any CPU.ActiveCfg = Release|Any CPU
		{EC429FE5-44F2-4690-A772-F665176DB7FB}.Release|Any CPU.Build.0 = Release|Any CPU
		{2CF3A4E3-3170-4A13-B341-AB0F27550E45}.Debug|Any CPU.ActiveCfg = Debug|Any CPU
		{2CF3A4E3-3170-4A13-B341-AB0F27550E45}.Debug|Any CPU.Build.0 = Debug|Any CPU
		{2CF3A4E3-3170-4A13-B341-AB0F27550E45}.Release|Any CPU.ActiveCfg = Release|Any CPU
		{2CF3A4E3-3170-4A13-B341-AB0F27550E45}.Release|Any CPU.Build.0 = Release|Any CPU
		{BA2769E1-27C2-4284-BE48-670EDDD1E2E9}.Debug|Any CPU.ActiveCfg = Debug|Any CPU
		{BA2769E1-27C2-4284-BE48-670EDDD1E2E9}.Debug|Any CPU.Build.0 = Debug|Any CPU
		{BA2769E1-27C2-4284-BE48-670EDDD1E2E9}.Release|Any CPU.ActiveCfg = Release|Any CPU
		{BA2769E1-27C2-4284-BE48-670EDDD1E2E9}.Release|Any CPU.Build.0 = Release|Any CPU
		{1D034994-2597-4EB3-BF3C-41676CAD9358}.Debug|Any CPU.ActiveCfg = Debug|Any CPU
		{1D034994-2597-4EB3-BF3C-41676CAD9358}.Debug|Any CPU.Build.0 = Debug|Any CPU
		{1D034994-2597-4EB3-BF3C-41676CAD9358}.Release|Any CPU.ActiveCfg = Release|Any CPU
		{1D034994-2597-4EB3-BF3C-41676CAD9358}.Release|Any CPU.Build.0 = Release|Any CPU
		{953BC450-E8E4-4CDE-A8F4-1A96CECC0514}.Debug|Any CPU.ActiveCfg = Debug|Any CPU
		{953BC450-E8E4-4CDE-A8F4-1A96CECC0514}.Debug|Any CPU.Build.0 = Debug|Any CPU
		{953BC450-E8E4-4CDE-A8F4-1A96CECC0514}.Release|Any CPU.ActiveCfg = Release|Any CPU
		{953BC450-E8E4-4CDE-A8F4-1A96CECC0514}.Release|Any CPU.Build.0 = Release|Any CPU
		{615DA523-A783-418C-B2C3-47158DCB6BA8}.Debug|Any CPU.ActiveCfg = Debug|Any CPU
		{615DA523-A783-418C-B2C3-47158DCB6BA8}.Debug|Any CPU.Build.0 = Debug|Any CPU
		{615DA523-A783-418C-B2C3-47158DCB6BA8}.Release|Any CPU.ActiveCfg = Release|Any CPU
		{615DA523-A783-418C-B2C3-47158DCB6BA8}.Release|Any CPU.Build.0 = Release|Any CPU
		{33BFA2D9-C7E8-4DCB-B5EB-45C3E871CE1E}.Debug|Any CPU.ActiveCfg = Debug|Any CPU
		{33BFA2D9-C7E8-4DCB-B5EB-45C3E871CE1E}.Debug|Any CPU.Build.0 = Debug|Any CPU
		{33BFA2D9-C7E8-4DCB-B5EB-45C3E871CE1E}.Release|Any CPU.ActiveCfg = Release|Any CPU
		{33BFA2D9-C7E8-4DCB-B5EB-45C3E871CE1E}.Release|Any CPU.Build.0 = Release|Any CPU
		{9605B4B8-0A34-BDE4-CFD2-F49073E3B9EF}.Debug|Any CPU.ActiveCfg = Debug|Any CPU
		{9605B4B8-0A34-BDE4-CFD2-F49073E3B9EF}.Debug|Any CPU.Build.0 = Debug|Any CPU
		{9605B4B8-0A34-BDE4-CFD2-F49073E3B9EF}.Release|Any CPU.ActiveCfg = Release|Any CPU
		{9605B4B8-0A34-BDE4-CFD2-F49073E3B9EF}.Release|Any CPU.Build.0 = Release|Any CPU
		{8758FBDB-9295-0DA5-31B6-DA01667F06FB}.Debug|Any CPU.ActiveCfg = Debug|Any CPU
		{8758FBDB-9295-0DA5-31B6-DA01667F06FB}.Debug|Any CPU.Build.0 = Debug|Any CPU
		{8758FBDB-9295-0DA5-31B6-DA01667F06FB}.Release|Any CPU.ActiveCfg = Release|Any CPU
		{8758FBDB-9295-0DA5-31B6-DA01667F06FB}.Release|Any CPU.Build.0 = Release|Any CPU
		{5852058B-D7C5-46D7-A2C5-690708E5A6A1}.Debug|Any CPU.ActiveCfg = Debug|Any CPU
		{5852058B-D7C5-46D7-A2C5-690708E5A6A1}.Debug|Any CPU.Build.0 = Debug|Any CPU
		{5852058B-D7C5-46D7-A2C5-690708E5A6A1}.Release|Any CPU.ActiveCfg = Release|Any CPU
		{5852058B-D7C5-46D7-A2C5-690708E5A6A1}.Release|Any CPU.Build.0 = Release|Any CPU
		{EF092D76-BDB5-4B5D-BC13-CF657C0C5BED}.Debug|Any CPU.ActiveCfg = Debug|Any CPU
		{EF092D76-BDB5-4B5D-BC13-CF657C0C5BED}.Debug|Any CPU.Build.0 = Debug|Any CPU
		{EF092D76-BDB5-4B5D-BC13-CF657C0C5BED}.Release|Any CPU.ActiveCfg = Release|Any CPU
		{EF092D76-BDB5-4B5D-BC13-CF657C0C5BED}.Release|Any CPU.Build.0 = Release|Any CPU
		{016BD347-8CB2-4706-8AAF-5034BB1CB2D6}.Debug|Any CPU.ActiveCfg = Debug|Any CPU
		{016BD347-8CB2-4706-8AAF-5034BB1CB2D6}.Debug|Any CPU.Build.0 = Debug|Any CPU
		{016BD347-8CB2-4706-8AAF-5034BB1CB2D6}.Release|Any CPU.ActiveCfg = Release|Any CPU
		{016BD347-8CB2-4706-8AAF-5034BB1CB2D6}.Release|Any CPU.Build.0 = Release|Any CPU
		{8126C869-946A-436B-801E-B4FC56B3ED02}.Debug|Any CPU.ActiveCfg = Debug|Any CPU
		{8126C869-946A-436B-801E-B4FC56B3ED02}.Debug|Any CPU.Build.0 = Debug|Any CPU
		{8126C869-946A-436B-801E-B4FC56B3ED02}.Release|Any CPU.ActiveCfg = Release|Any CPU
		{8126C869-946A-436B-801E-B4FC56B3ED02}.Release|Any CPU.Build.0 = Release|Any CPU
		{C3D26537-B2F7-4756-A2F6-3FB540B4424B}.Debug|Any CPU.ActiveCfg = Debug|Any CPU
		{C3D26537-B2F7-4756-A2F6-3FB540B4424B}.Debug|Any CPU.Build.0 = Debug|Any CPU
		{C3D26537-B2F7-4756-A2F6-3FB540B4424B}.Release|Any CPU.ActiveCfg = Release|Any CPU
		{C3D26537-B2F7-4756-A2F6-3FB540B4424B}.Release|Any CPU.Build.0 = Release|Any CPU
		{BBAB73F6-CCEF-481E-9521-B75866746E79}.Debug|Any CPU.ActiveCfg = Debug|Any CPU
		{BBAB73F6-CCEF-481E-9521-B75866746E79}.Debug|Any CPU.Build.0 = Debug|Any CPU
		{BBAB73F6-CCEF-481E-9521-B75866746E79}.Release|Any CPU.ActiveCfg = Release|Any CPU
		{BBAB73F6-CCEF-481E-9521-B75866746E79}.Release|Any CPU.Build.0 = Release|Any CPU
	EndGlobalSection
	GlobalSection(SolutionProperties) = preSolution
		HideSolutionNode = FALSE
	EndGlobalSection
	GlobalSection(NestedProjects) = preSolution
		{43B78CAB-7771-4A0A-8496-A3D7866DC352} = {DDB4EF12-CC4E-5E88-E6FC-71A802F4DE97}
		{1206D7B8-6D45-444C-BF00-C3507A6E80D8} = {D1574452-AAB1-4377-B2EB-70986C005BB2}
		{DC2D5B69-EE49-4C07-ABB4-AB45C7683EA9} = {D1574452-AAB1-4377-B2EB-70986C005BB2}
		{500C2D80-4999-4326-8710-41334135AA1E} = {DC2D5B69-EE49-4C07-ABB4-AB45C7683EA9}
		{5ACE705D-F307-49AB-A0D6-E50229E8C469} = {C8477E84-C1B9-44BA-9CEA-14D65E9CC9F3}
		{F7B68E53-10B2-46E6-8D09-46BA1DCFE757} = {C8477E84-C1B9-44BA-9CEA-14D65E9CC9F3}
		{BBBDBB7B-33BC-4715-899D-067E43B3F8B1} = {D1574452-AAB1-4377-B2EB-70986C005BB2}
		{5F3A82D8-492F-4103-B394-764036076163} = {BBBDBB7B-33BC-4715-899D-067E43B3F8B1}
		{BFA58C48-9741-41CF-88B7-5D0CAAC3DFE9} = {DC2D5B69-EE49-4C07-ABB4-AB45C7683EA9}
		{E77C7583-480A-43AE-80E8-C814F9C35793} = {9E3DE3A2-E93E-4AAC-9A43-CA53509ECA9A}
		{1B591115-C498-45B3-87B4-5D93092D48FD} = {9E3DE3A2-E93E-4AAC-9A43-CA53509ECA9A}
		{22845E0E-9D04-49D8-BA4A-72F85F21E23E} = {9E3DE3A2-E93E-4AAC-9A43-CA53509ECA9A}
		{04998E30-41F6-4978-8752-05CD62ACAA9C} = {22845E0E-9D04-49D8-BA4A-72F85F21E23E}
		{0CCE06C8-8944-41D5-9C8E-5B1F7F252868} = {09982D69-2F1E-42B4-837E-AEF57C448368}
		{19F0C997-2F21-4C68-8FA7-E832F172E146} = {09982D69-2F1E-42B4-837E-AEF57C448368}
		{3C4CFC8C-51F9-4F4C-8214-A4519D5820E5} = {19F0C997-2F21-4C68-8FA7-E832F172E146}
		{91419E22-3721-4A55-8898-58EF5FF73F93} = {19F0C997-2F21-4C68-8FA7-E832F172E146}
		{8EF08C5A-CA0E-4C1F-8766-84E069A2EF3A} = {57FBAD72-3648-42E6-BB18-28E901B802CA}
		{6F0B359A-3C4A-4256-BF97-2F02BF54EDAE} = {1E0DA907-DE0D-4B1C-8ECF-24DBF8BDB87E}
		{EC429FE5-44F2-4690-A772-F665176DB7FB} = {6F0B359A-3C4A-4256-BF97-2F02BF54EDAE}
		{2CF3A4E3-3170-4A13-B341-AB0F27550E45} = {1E0DA907-DE0D-4B1C-8ECF-24DBF8BDB87E}
		{BA2769E1-27C2-4284-BE48-670EDDD1E2E9} = {1E0DA907-DE0D-4B1C-8ECF-24DBF8BDB87E}
		{1D034994-2597-4EB3-BF3C-41676CAD9358} = {6F0B359A-3C4A-4256-BF97-2F02BF54EDAE}
		{953BC450-E8E4-4CDE-A8F4-1A96CECC0514} = {DC6D9EA9-B5D0-45B9-BE23-293F3F2DD64B}
		{938170B6-E5D4-4A71-9516-7B0F9342CBCD} = {DC6D9EA9-B5D0-45B9-BE23-293F3F2DD64B}
		{615DA523-A783-418C-B2C3-47158DCB6BA8} = {938170B6-E5D4-4A71-9516-7B0F9342CBCD}
		{33BFA2D9-C7E8-4DCB-B5EB-45C3E871CE1E} = {938170B6-E5D4-4A71-9516-7B0F9342CBCD}
		{9605B4B8-0A34-BDE4-CFD2-F49073E3B9EF} = {938170B6-E5D4-4A71-9516-7B0F9342CBCD}
		{8758FBDB-9295-0DA5-31B6-DA01667F06FB} = {938170B6-E5D4-4A71-9516-7B0F9342CBCD}
		{5852058B-D7C5-46D7-A2C5-690708E5A6A1} = {DC6D9EA9-B5D0-45B9-BE23-293F3F2DD64B}
		{8E9BFCD7-59DF-422E-8E0B-C660AE90B36B} = {5D45503A-7179-4754-9903-EE9B1352E2CA}
		{EF092D76-BDB5-4B5D-BC13-CF657C0C5BED} = {5D45503A-7179-4754-9903-EE9B1352E2CA}
		{016BD347-8CB2-4706-8AAF-5034BB1CB2D6} = {5D45503A-7179-4754-9903-EE9B1352E2CA}
		{8126C869-946A-436B-801E-B4FC56B3ED02} = {8E9BFCD7-59DF-422E-8E0B-C660AE90B36B}
		{C3D26537-B2F7-4756-A2F6-3FB540B4424B} = {8E9BFCD7-59DF-422E-8E0B-C660AE90B36B}
		{6630F72B-6DAA-437B-8E1A-85A9F78F9D07} = {CCF10D9B-6586-4B65-A414-932208B7947C}
		{BBAB73F6-CCEF-481E-9521-B75866746E79} = {6630F72B-6DAA-437B-8E1A-85A9F78F9D07}
	EndGlobalSection
	GlobalSection(ExtensibilityGlobals) = postSolution
		SolutionGuid = {66B8B959-9282-491F-AE2A-1B66417F4425}
	EndGlobalSection
EndGlobal
