
Microsoft Visual Studio Solution File, Format Version 12.00
# Visual Studio Version 17
VisualStudioVersion = 17.13.35825.156
MinimumVisualStudioVersion = 10.0.40219.1
Project("{2150E333-8FDC-42A3-9474-1A3956D46DE8}") = "Chapter01", "Chapter01", "{DDB4EF12-CC4E-5E88-E6FC-71A802F4DE97}"
EndProject
Project("{FAE04EC0-301F-11D3-BF4B-00C04F79EFBC}") = "ProductSample", "Chapter01\ProductSample\ProductSample.csproj", "{43B78CAB-7771-4A0A-8496-A3D7866DC352}"
EndProject
Project("{2150E333-8FDC-42A3-9474-1A3956D46DE8}") = "Chapter02", "Chapter02", "{D1574452-AAB1-4377-B2EB-70986C005BB2}"
EndProject
Project("{FAE04EC0-301F-11D3-BF4B-00C04F79EFBC}") = "DistanceConverter", "Chapter02\DistanceConverter\DistanceConverter.csproj", "{1206D7B8-6D45-444C-BF00-C3507A6E80D8}"
EndProject
Project("{2150E333-8FDC-42A3-9474-1A3956D46DE8}") = "演習問題", "演習問題", "{DC2D5B69-EE49-4C07-ABB4-AB45C7683EA9}"
EndProject
Project("{FAE04EC0-301F-11D3-BF4B-00C04F79EFBC}") = "Exercise02", "Chapter02\演習問題\Exercise02\Exercise02.csproj", "{500C2D80-4999-4326-8710-41334135AA1E}"
EndProject
Project("{2150E333-8FDC-42A3-9474-1A3956D46DE8}") = "FormApps", "FormApps", "{C8477E84-C1B9-44BA-9CEA-14D65E9CC9F3}"
EndProject
Project("{FAE04EC0-301F-11D3-BF4B-00C04F79EFBC}") = "UnitConverter", "FormApps\UnitConverter\UnitConverter.csproj", "{5ACE705D-F307-49AB-A0D6-E50229E8C469}"
EndProject
Project("{FAE04EC0-301F-11D3-BF4B-00C04F79EFBC}") = "StopWatch", "FormApps\StopWatch\StopWatch.csproj", "{F7B68E53-10B2-46E6-8D09-46BA1DCFE757}"
EndProject
Project("{2150E333-8FDC-42A3-9474-1A3956D46DE8}") = "売上集計プログラム", "売上集計プログラム", "{BBBDBB7B-33BC-4715-899D-067E43B3F8B1}"
EndProject
Project("{FAE04EC0-301F-11D3-BF4B-00C04F79EFBC}") = "SalesCalculator", "Chapter02\売上集計プログラム\SalesCalculator\SalesCalculator.csproj", "{5F3A82D8-492F-4103-B394-764036076163}"
EndProject
Project("{FAE04EC0-301F-11D3-BF4B-00C04F79EFBC}") = "Exercise01", "Chapter02\演習問題\Exercise01\Exercise01.csproj", "{BFA58C48-9741-41CF-88B7-5D0CAAC3DFE9}"
EndProject
Project("{2150E333-8FDC-42A3-9474-1A3956D46DE8}") = "Chapter03", "Chapter03", "{9E3DE3A2-E93E-4AAC-9A43-CA53509ECA9A}"
EndProject
Project("{FAE04EC0-301F-11D3-BF4B-00C04F79EFBC}") = "Section01", "Chapter03\Section01\Section01.csproj", "{E77C7583-480A-43AE-80E8-C814F9C35793}"
EndProject
Project("{FAE04EC0-301F-11D3-BF4B-00C04F79EFBC}") = "Section04", "Chapter03\Section04\Section04.csproj", "{1B591115-C498-45B3-87B4-5D93092D48FD}"
EndProject
Project("{2150E333-8FDC-42A3-9474-1A3956D46DE8}") = "演習問題", "演習問題", "{22845E0E-9D04-49D8-BA4A-72F85F21E23E}"
EndProject
Project("{FAE04EC0-301F-11D3-BF4B-00C04F79EFBC}") = "Exercise01", "Chapter03\演習問題\Exercise01\Exercise01.csproj", "{04998E30-41F6-4978-8752-05CD62ACAA9C}"
EndProject
Project("{2150E333-8FDC-42A3-9474-1A3956D46DE8}") = "Chapter04", "Chapter04", "{09982D69-2F1E-42B4-837E-AEF57C448368}"
EndProject
Project("{FAE04EC0-301F-11D3-BF4B-00C04F79EFBC}") = "Exercise04", "Chapter04\Exercise04\Exercise04.csproj", "{0CCE06C8-8944-41D5-9C8E-5B1F7F252868}"
EndProject
Project("{2150E333-8FDC-42A3-9474-1A3956D46DE8}") = "演習問題", "演習問題", "{19F0C997-2F21-4C68-8FA7-E832F172E146}"
EndProject
Project("{FAE04EC0-301F-11D3-BF4B-00C04F79EFBC}") = "Exercise01", "Chapter04\演習問題\Exercise01\Exercise01.csproj", "{3C4CFC8C-51F9-4F4C-8214-A4519D5820E5}"
EndProject
Global
	GlobalSection(SolutionConfigurationPlatforms) = preSolution
		Debug|Any CPU = Debug|Any CPU
		Release|Any CPU = Release|Any CPU
	EndGlobalSection
	GlobalSection(ProjectConfigurationPlatforms) = postSolution
		{43B78CAB-7771-4A0A-8496-A3D7866DC352}.Debug|Any CPU.ActiveCfg = Debug|Any CPU
		{43B78CAB-7771-4A0A-8496-A3D7866DC352}.Debug|Any CPU.Build.0 = Debug|Any CPU
		{43B78CAB-7771-4A0A-8496-A3D7866DC352}.Release|Any CPU.ActiveCfg = Release|Any CPU
		{43B78CAB-7771-4A0A-8496-A3D7866DC352}.Release|Any CPU.Build.0 = Release|Any CPU
		{1206D7B8-6D45-444C-BF00-C3507A6E80D8}.Debug|Any CPU.ActiveCfg = Debug|Any CPU
		{1206D7B8-6D45-444C-BF00-C3507A6E80D8}.Debug|Any CPU.Build.0 = Debug|Any CPU
		{1206D7B8-6D45-444C-BF00-C3507A6E80D8}.Release|Any CPU.ActiveCfg = Release|Any CPU
		{1206D7B8-6D45-444C-BF00-C3507A6E80D8}.Release|Any CPU.Build.0 = Release|Any CPU
		{500C2D80-4999-4326-8710-41334135AA1E}.Debug|Any CPU.ActiveCfg = Debug|Any CPU
		{500C2D80-4999-4326-8710-41334135AA1E}.Debug|Any CPU.Build.0 = Debug|Any CPU
		{500C2D80-4999-4326-8710-41334135AA1E}.Release|Any CPU.ActiveCfg = Release|Any CPU
		{500C2D80-4999-4326-8710-41334135AA1E}.Release|Any CPU.Build.0 = Release|Any CPU
		{5ACE705D-F307-49AB-A0D6-E50229E8C469}.Debug|Any CPU.ActiveCfg = Debug|Any CPU
		{5ACE705D-F307-49AB-A0D6-E50229E8C469}.Debug|Any CPU.Build.0 = Debug|Any CPU
		{5ACE705D-F307-49AB-A0D6-E50229E8C469}.Release|Any CPU.ActiveCfg = Release|Any CPU
		{5ACE705D-F307-49AB-A0D6-E50229E8C469}.Release|Any CPU.Build.0 = Release|Any CPU
		{F7B68E53-10B2-46E6-8D09-46BA1DCFE757}.Debug|Any CPU.ActiveCfg = Debug|Any CPU
		{F7B68E53-10B2-46E6-8D09-46BA1DCFE757}.Debug|Any CPU.Build.0 = Debug|Any CPU
		{F7B68E53-10B2-46E6-8D09-46BA1DCFE757}.Release|Any CPU.ActiveCfg = Release|Any CPU
		{F7B68E53-10B2-46E6-8D09-46BA1DCFE757}.Release|Any CPU.Build.0 = Release|Any CPU
		{5F3A82D8-492F-4103-B394-764036076163}.Debug|Any CPU.ActiveCfg = Debug|Any CPU
		{5F3A82D8-492F-4103-B394-764036076163}.Debug|Any CPU.Build.0 = Debug|Any CPU
		{5F3A82D8-492F-4103-B394-764036076163}.Release|Any CPU.ActiveCfg = Release|Any CPU
		{5F3A82D8-492F-4103-B394-764036076163}.Release|Any CPU.Build.0 = Release|Any CPU
		{BFA58C48-9741-41CF-88B7-5D0CAAC3DFE9}.Debug|Any CPU.ActiveCfg = Debug|Any CPU
		{BFA58C48-9741-41CF-88B7-5D0CAAC3DFE9}.Debug|Any CPU.Build.0 = Debug|Any CPU
		{BFA58C48-9741-41CF-88B7-5D0CAAC3DFE9}.Release|Any CPU.ActiveCfg = Release|Any CPU
		{BFA58C48-9741-41CF-88B7-5D0CAAC3DFE9}.Release|Any CPU.Build.0 = Release|Any CPU
		{E77C7583-480A-43AE-80E8-C814F9C35793}.Debug|Any CPU.ActiveCfg = Debug|Any CPU
		{E77C7583-480A-43AE-80E8-C814F9C35793}.Debug|Any CPU.Build.0 = Debug|Any CPU
		{E77C7583-480A-43AE-80E8-C814F9C35793}.Release|Any CPU.ActiveCfg = Release|Any CPU
		{E77C7583-480A-43AE-80E8-C814F9C35793}.Release|Any CPU.Build.0 = Release|Any CPU
		{1B591115-C498-45B3-87B4-5D93092D48FD}.Debug|Any CPU.ActiveCfg = Debug|Any CPU
		{1B591115-C498-45B3-87B4-5D93092D48FD}.Debug|Any CPU.Build.0 = Debug|Any CPU
		{1B591115-C498-45B3-87B4-5D93092D48FD}.Release|Any CPU.ActiveCfg = Release|Any CPU
		{1B591115-C498-45B3-87B4-5D93092D48FD}.Release|Any CPU.Build.0 = Release|Any CPU
		{04998E30-41F6-4978-8752-05CD62ACAA9C}.Debug|Any CPU.ActiveCfg = Debug|Any CPU
		{04998E30-41F6-4978-8752-05CD62ACAA9C}.Debug|Any CPU.Build.0 = Debug|Any CPU
		{04998E30-41F6-4978-8752-05CD62ACAA9C}.Release|Any CPU.ActiveCfg = Release|Any CPU
		{04998E30-41F6-4978-8752-05CD62ACAA9C}.Release|Any CPU.Build.0 = Release|Any CPU
		{0CCE06C8-8944-41D5-9C8E-5B1F7F252868}.Debug|Any CPU.ActiveCfg = Debug|Any CPU
		{0CCE06C8-8944-41D5-9C8E-5B1F7F252868}.Debug|Any CPU.Build.0 = Debug|Any CPU
		{0CCE06C8-8944-41D5-9C8E-5B1F7F252868}.Release|Any CPU.ActiveCfg = Release|Any CPU
		{0CCE06C8-8944-41D5-9C8E-5B1F7F252868}.Release|Any CPU.Build.0 = Release|Any CPU
		{3C4CFC8C-51F9-4F4C-8214-A4519D5820E5}.Debug|Any CPU.ActiveCfg = Debug|Any CPU
		{3C4CFC8C-51F9-4F4C-8214-A4519D5820E5}.Debug|Any CPU.Build.0 = Debug|Any CPU
		{3C4CFC8C-51F9-4F4C-8214-A4519D5820E5}.Release|Any CPU.ActiveCfg = Release|Any CPU
		{3C4CFC8C-51F9-4F4C-8214-A4519D5820E5}.Release|Any CPU.Build.0 = Release|Any CPU
	EndGlobalSection
	GlobalSection(SolutionProperties) = preSolution
		HideSolutionNode = FALSE
	EndGlobalSection
	GlobalSection(NestedProjects) = preSolution
		{43B78CAB-7771-4A0A-8496-A3D7866DC352} = {DDB4EF12-CC4E-5E88-E6FC-71A802F4DE97}
		{1206D7B8-6D45-444C-BF00-C3507A6E80D8} = {D1574452-AAB1-4377-B2EB-70986C005BB2}
		{DC2D5B69-EE49-4C07-ABB4-AB45C7683EA9} = {D1574452-AAB1-4377-B2EB-70986C005BB2}
		{500C2D80-4999-4326-8710-41334135AA1E} = {DC2D5B69-EE49-4C07-ABB4-AB45C7683EA9}
		{5ACE705D-F307-49AB-A0D6-E50229E8C469} = {C8477E84-C1B9-44BA-9CEA-14D65E9CC9F3}
		{F7B68E53-10B2-46E6-8D09-46BA1DCFE757} = {C8477E84-C1B9-44BA-9CEA-14D65E9CC9F3}
		{BBBDBB7B-33BC-4715-899D-067E43B3F8B1} = {D1574452-AAB1-4377-B2EB-70986C005BB2}
		{5F3A82D8-492F-4103-B394-764036076163} = {BBBDBB7B-33BC-4715-899D-067E43B3F8B1}
		{BFA58C48-9741-41CF-88B7-5D0CAAC3DFE9} = {DC2D5B69-EE49-4C07-ABB4-AB45C7683EA9}
		{E77C7583-480A-43AE-80E8-C814F9C35793} = {9E3DE3A2-E93E-4AAC-9A43-CA53509ECA9A}
		{1B591115-C498-45B3-87B4-5D93092D48FD} = {9E3DE3A2-E93E-4AAC-9A43-CA53509ECA9A}
		{22845E0E-9D04-49D8-BA4A-72F85F21E23E} = {9E3DE3A2-E93E-4AAC-9A43-CA53509ECA9A}
		{04998E30-41F6-4978-8752-05CD62ACAA9C} = {22845E0E-9D04-49D8-BA4A-72F85F21E23E}
		{0CCE06C8-8944-41D5-9C8E-5B1F7F252868} = {09982D69-2F1E-42B4-837E-AEF57C448368}
		{19F0C997-2F21-4C68-8FA7-E832F172E146} = {09982D69-2F1E-42B4-837E-AEF57C448368}
		{3C4CFC8C-51F9-4F4C-8214-A4519D5820E5} = {19F0C997-2F21-4C68-8FA7-E832F172E146}
	EndGlobalSection
	GlobalSection(ExtensibilityGlobals) = postSolution
		SolutionGuid = {66B8B959-9282-491F-AE2A-1B66417F4425}
	EndGlobalSection
EndGlobal
